// !$*UTF8*$!
{
	archiveVersion = 1;
	classes = {
	};
	objectVersion = 56;
	objects = {

/* Begin PBXBuildFile section */
		6423D3A32AD35121009DB3F7 /* UserProfileView.swift in Sources */ = {isa = PBXBuildFile; fileRef = 6423D3A22AD35121009DB3F7 /* UserProfileView.swift */; };
		6423D3A52AD35159009DB3F7 /* OnboardingView.swift in Sources */ = {isa = PBXBuildFile; fileRef = 6423D3A42AD35159009DB3F7 /* OnboardingView.swift */; };
		6423D3A82AD36B76009DB3F7 /* CohousingFormView.swift in Sources */ = {isa = PBXBuildFile; fileRef = 6423D3A72AD36B76009DB3F7 /* CohousingFormView.swift */; };
		647B1CBE2AD49B7800BD2B25 /* Global.swift in Sources */ = {isa = PBXBuildFile; fileRef = 647B1CBD2AD49B7800BD2B25 /* Global.swift */; };
		64F17B332AD2A3BC0047F6F3 /* colockitchenraceApp.swift in Sources */ = {isa = PBXBuildFile; fileRef = 64F17B322AD2A3BC0047F6F3 /* colockitchenraceApp.swift */; };
		64F17B352AD2A3BC0047F6F3 /* HomeView.swift in Sources */ = {isa = PBXBuildFile; fileRef = 64F17B342AD2A3BC0047F6F3 /* HomeView.swift */; };
		64F17B372AD2A3BE0047F6F3 /* Assets.xcassets in Resources */ = {isa = PBXBuildFile; fileRef = 64F17B362AD2A3BE0047F6F3 /* Assets.xcassets */; };
		64F17B3A2AD2A3BE0047F6F3 /* Preview Assets.xcassets in Resources */ = {isa = PBXBuildFile; fileRef = 64F17B392AD2A3BE0047F6F3 /* Preview Assets.xcassets */; };
		64F17B442AD2A3BE0047F6F3 /* colockitchenraceTests.swift in Sources */ = {isa = PBXBuildFile; fileRef = 64F17B432AD2A3BE0047F6F3 /* colockitchenraceTests.swift */; };
		64F17B4E2AD2A3BE0047F6F3 /* colockitchenraceUITests.swift in Sources */ = {isa = PBXBuildFile; fileRef = 64F17B4D2AD2A3BE0047F6F3 /* colockitchenraceUITests.swift */; };
		64F17B502AD2A3BE0047F6F3 /* colockitchenraceUITestsLaunchTests.swift in Sources */ = {isa = PBXBuildFile; fileRef = 64F17B4F2AD2A3BE0047F6F3 /* colockitchenraceUITestsLaunchTests.swift */; };
		64F17B5E2AD2CC9B0047F6F3 /* ComposableArchitecture in Frameworks */ = {isa = PBXBuildFile; productRef = 64F17B5D2AD2CC9B0047F6F3 /* ComposableArchitecture */; };
		64F17B602AD2CD0A0047F6F3 /* CohousingDetailView.swift in Sources */ = {isa = PBXBuildFile; fileRef = 64F17B5F2AD2CD0A0047F6F3 /* CohousingDetailView.swift */; };
		64F17B622AD2D11B0047F6F3 /* Cohousing.swift in Sources */ = {isa = PBXBuildFile; fileRef = 64F17B612AD2D11B0047F6F3 /* Cohousing.swift */; };
		64F17B642AD2D4460047F6F3 /* User.swift in Sources */ = {isa = PBXBuildFile; fileRef = 64F17B632AD2D4460047F6F3 /* User.swift */; };
		64F17B672AD2D7210047F6F3 /* CKR.swift in Sources */ = {isa = PBXBuildFile; fileRef = 64F17B662AD2D7210047F6F3 /* CKR.swift */; };
		64F17B692AD2D85A0047F6F3 /* Cohousing+Utils.swift in Sources */ = {isa = PBXBuildFile; fileRef = 64F17B682AD2D85A0047F6F3 /* Cohousing+Utils.swift */; };
		64F17B6C2AD2F29D0047F6F3 /* Date+Utils.swift in Sources */ = {isa = PBXBuildFile; fileRef = 64F17B6B2AD2F29D0047F6F3 /* Date+Utils.swift */; };
		64F17B6E2AD318D70047F6F3 /* DateComponents+Utils.swift in Sources */ = {isa = PBXBuildFile; fileRef = 64F17B6D2AD318D70047F6F3 /* DateComponents+Utils.swift */; };
		64FB41BC2AD407D600C93A34 /* GoogleService-Info.plist in Resources */ = {isa = PBXBuildFile; fileRef = 64FB41BB2AD407D600C93A34 /* GoogleService-Info.plist */; };
		64FB41C02AD4086100C93A34 /* FirebaseAnalyticsSwift in Frameworks */ = {isa = PBXBuildFile; productRef = 64FB41BF2AD4086100C93A34 /* FirebaseAnalyticsSwift */; };
		64FB41C22AD4086100C93A34 /* FirebaseAnalyticsWithoutAdIdSupport in Frameworks */ = {isa = PBXBuildFile; productRef = 64FB41C12AD4086100C93A34 /* FirebaseAnalyticsWithoutAdIdSupport */; };
		64FB41C42AD4086100C93A34 /* FirebaseAuth in Frameworks */ = {isa = PBXBuildFile; productRef = 64FB41C32AD4086100C93A34 /* FirebaseAuth */; };
		64FB41C62AD4086100C93A34 /* FirebaseCrashlytics in Frameworks */ = {isa = PBXBuildFile; productRef = 64FB41C52AD4086100C93A34 /* FirebaseCrashlytics */; };
		64FB41C92AD4155000C93A34 /* App.swift in Sources */ = {isa = PBXBuildFile; fileRef = 64FB41C82AD4155000C93A34 /* App.swift */; };
/* End PBXBuildFile section */

/* Begin PBXContainerItemProxy section */
		64F17B402AD2A3BE0047F6F3 /* PBXContainerItemProxy */ = {
			isa = PBXContainerItemProxy;
			containerPortal = 64F17B272AD2A3BC0047F6F3 /* Project object */;
			proxyType = 1;
			remoteGlobalIDString = 64F17B2E2AD2A3BC0047F6F3;
			remoteInfo = colockitchenrace;
		};
		64F17B4A2AD2A3BE0047F6F3 /* PBXContainerItemProxy */ = {
			isa = PBXContainerItemProxy;
			containerPortal = 64F17B272AD2A3BC0047F6F3 /* Project object */;
			proxyType = 1;
			remoteGlobalIDString = 64F17B2E2AD2A3BC0047F6F3;
			remoteInfo = colockitchenrace;
		};
/* End PBXContainerItemProxy section */

/* Begin PBXFileReference section */
		6423D3A22AD35121009DB3F7 /* UserProfileView.swift */ = {isa = PBXFileReference; lastKnownFileType = sourcecode.swift; path = UserProfileView.swift; sourceTree = "<group>"; };
		6423D3A42AD35159009DB3F7 /* OnboardingView.swift */ = {isa = PBXFileReference; lastKnownFileType = sourcecode.swift; path = OnboardingView.swift; sourceTree = "<group>"; };
		6423D3A72AD36B76009DB3F7 /* CohousingFormView.swift */ = {isa = PBXFileReference; lastKnownFileType = sourcecode.swift; path = CohousingFormView.swift; sourceTree = "<group>"; };
		647B1CBD2AD49B7800BD2B25 /* Global.swift */ = {isa = PBXFileReference; lastKnownFileType = sourcecode.swift; path = Global.swift; sourceTree = "<group>"; };
		64F17B2F2AD2A3BC0047F6F3 /* colockitchenrace.app */ = {isa = PBXFileReference; explicitFileType = wrapper.application; includeInIndex = 0; path = colockitchenrace.app; sourceTree = BUILT_PRODUCTS_DIR; };
		64F17B322AD2A3BC0047F6F3 /* colockitchenraceApp.swift */ = {isa = PBXFileReference; lastKnownFileType = sourcecode.swift; path = colockitchenraceApp.swift; sourceTree = "<group>"; };
		64F17B342AD2A3BC0047F6F3 /* HomeView.swift */ = {isa = PBXFileReference; lastKnownFileType = sourcecode.swift; path = HomeView.swift; sourceTree = "<group>"; };
		64F17B362AD2A3BE0047F6F3 /* Assets.xcassets */ = {isa = PBXFileReference; lastKnownFileType = folder.assetcatalog; path = Assets.xcassets; sourceTree = "<group>"; };
		64F17B392AD2A3BE0047F6F3 /* Preview Assets.xcassets */ = {isa = PBXFileReference; lastKnownFileType = folder.assetcatalog; path = "Preview Assets.xcassets"; sourceTree = "<group>"; };
		64F17B3F2AD2A3BE0047F6F3 /* colockitchenraceTests.xctest */ = {isa = PBXFileReference; explicitFileType = wrapper.cfbundle; includeInIndex = 0; path = colockitchenraceTests.xctest; sourceTree = BUILT_PRODUCTS_DIR; };
		64F17B432AD2A3BE0047F6F3 /* colockitchenraceTests.swift */ = {isa = PBXFileReference; lastKnownFileType = sourcecode.swift; path = colockitchenraceTests.swift; sourceTree = "<group>"; };
		64F17B492AD2A3BE0047F6F3 /* colockitchenraceUITests.xctest */ = {isa = PBXFileReference; explicitFileType = wrapper.cfbundle; includeInIndex = 0; path = colockitchenraceUITests.xctest; sourceTree = BUILT_PRODUCTS_DIR; };
		64F17B4D2AD2A3BE0047F6F3 /* colockitchenraceUITests.swift */ = {isa = PBXFileReference; lastKnownFileType = sourcecode.swift; path = colockitchenraceUITests.swift; sourceTree = "<group>"; };
		64F17B4F2AD2A3BE0047F6F3 /* colockitchenraceUITestsLaunchTests.swift */ = {isa = PBXFileReference; lastKnownFileType = sourcecode.swift; path = colockitchenraceUITestsLaunchTests.swift; sourceTree = "<group>"; };
		64F17B5F2AD2CD0A0047F6F3 /* CohousingDetailView.swift */ = {isa = PBXFileReference; lastKnownFileType = sourcecode.swift; path = CohousingDetailView.swift; sourceTree = "<group>"; };
		64F17B612AD2D11B0047F6F3 /* Cohousing.swift */ = {isa = PBXFileReference; lastKnownFileType = sourcecode.swift; path = Cohousing.swift; sourceTree = "<group>"; };
		64F17B632AD2D4460047F6F3 /* User.swift */ = {isa = PBXFileReference; lastKnownFileType = sourcecode.swift; path = User.swift; sourceTree = "<group>"; };
		64F17B662AD2D7210047F6F3 /* CKR.swift */ = {isa = PBXFileReference; lastKnownFileType = sourcecode.swift; path = CKR.swift; sourceTree = "<group>"; };
		64F17B682AD2D85A0047F6F3 /* Cohousing+Utils.swift */ = {isa = PBXFileReference; lastKnownFileType = sourcecode.swift; path = "Cohousing+Utils.swift"; sourceTree = "<group>"; };
		64F17B6B2AD2F29D0047F6F3 /* Date+Utils.swift */ = {isa = PBXFileReference; lastKnownFileType = sourcecode.swift; path = "Date+Utils.swift"; sourceTree = "<group>"; };
		64F17B6D2AD318D70047F6F3 /* DateComponents+Utils.swift */ = {isa = PBXFileReference; lastKnownFileType = sourcecode.swift; path = "DateComponents+Utils.swift"; sourceTree = "<group>"; };
		64FB41BB2AD407D600C93A34 /* GoogleService-Info.plist */ = {isa = PBXFileReference; fileEncoding = 4; lastKnownFileType = text.plist.xml; path = "GoogleService-Info.plist"; sourceTree = "<group>"; };
		64FB41C82AD4155000C93A34 /* App.swift */ = {isa = PBXFileReference; lastKnownFileType = sourcecode.swift; path = App.swift; sourceTree = "<group>"; };
/* End PBXFileReference section */

/* Begin PBXFrameworksBuildPhase section */
		64F17B2C2AD2A3BC0047F6F3 /* Frameworks */ = {
			isa = PBXFrameworksBuildPhase;
			buildActionMask = 2147483647;
			files = (
				64FB41C02AD4086100C93A34 /* FirebaseAnalyticsSwift in Frameworks */,
				64FB41C22AD4086100C93A34 /* FirebaseAnalyticsWithoutAdIdSupport in Frameworks */,
				64FB41C62AD4086100C93A34 /* FirebaseCrashlytics in Frameworks */,
				64F17B5E2AD2CC9B0047F6F3 /* ComposableArchitecture in Frameworks */,
				64FB41C42AD4086100C93A34 /* FirebaseAuth in Frameworks */,
			);
			runOnlyForDeploymentPostprocessing = 0;
		};
		64F17B3C2AD2A3BE0047F6F3 /* Frameworks */ = {
			isa = PBXFrameworksBuildPhase;
			buildActionMask = 2147483647;
			files = (
			);
			runOnlyForDeploymentPostprocessing = 0;
		};
		64F17B462AD2A3BE0047F6F3 /* Frameworks */ = {
			isa = PBXFrameworksBuildPhase;
			buildActionMask = 2147483647;
			files = (
			);
			runOnlyForDeploymentPostprocessing = 0;
		};
/* End PBXFrameworksBuildPhase section */

/* Begin PBXGroup section */
		6423D3A62AD35165009DB3F7 /* Views */ = {
			isa = PBXGroup;
			children = (
				64F17B5F2AD2CD0A0047F6F3 /* CohousingDetailView.swift */,
				6423D3A72AD36B76009DB3F7 /* CohousingFormView.swift */,
				64F17B342AD2A3BC0047F6F3 /* HomeView.swift */,
				6423D3A42AD35159009DB3F7 /* OnboardingView.swift */,
				6423D3A22AD35121009DB3F7 /* UserProfileView.swift */,
			);
			name = Views;
			sourceTree = "<group>";
		};
		64F17B262AD2A3BC0047F6F3 = {
			isa = PBXGroup;
			children = (
				64F17B312AD2A3BC0047F6F3 /* colockitchenrace */,
				64F17B422AD2A3BE0047F6F3 /* colockitchenraceTests */,
				64F17B4C2AD2A3BE0047F6F3 /* colockitchenraceUITests */,
				64F17B302AD2A3BC0047F6F3 /* Products */,
			);
			sourceTree = "<group>";
		};
		64F17B302AD2A3BC0047F6F3 /* Products */ = {
			isa = PBXGroup;
			children = (
				64F17B2F2AD2A3BC0047F6F3 /* colockitchenrace.app */,
				64F17B3F2AD2A3BE0047F6F3 /* colockitchenraceTests.xctest */,
				64F17B492AD2A3BE0047F6F3 /* colockitchenraceUITests.xctest */,
			);
			name = Products;
			sourceTree = "<group>";
		};
		64F17B312AD2A3BC0047F6F3 /* colockitchenrace */ = {
			isa = PBXGroup;
			children = (
				64FB41BD2AD407E700C93A34 /* Assets */,
				64F17B652AD2D5470047F6F3 /* Models */,
				64F17B6A2AD2F2840047F6F3 /* Utils */,
				6423D3A62AD35165009DB3F7 /* Views */,
				64FB41C82AD4155000C93A34 /* App.swift */,
				64F17B322AD2A3BC0047F6F3 /* colockitchenraceApp.swift */,
				64F17B382AD2A3BE0047F6F3 /* Preview Content */,
			);
			path = colockitchenrace;
			sourceTree = "<group>";
		};
		64F17B382AD2A3BE0047F6F3 /* Preview Content */ = {
			isa = PBXGroup;
			children = (
				64F17B392AD2A3BE0047F6F3 /* Preview Assets.xcassets */,
			);
			path = "Preview Content";
			sourceTree = "<group>";
		};
		64F17B422AD2A3BE0047F6F3 /* colockitchenraceTests */ = {
			isa = PBXGroup;
			children = (
				64F17B432AD2A3BE0047F6F3 /* colockitchenraceTests.swift */,
			);
			path = colockitchenraceTests;
			sourceTree = "<group>";
		};
		64F17B4C2AD2A3BE0047F6F3 /* colockitchenraceUITests */ = {
			isa = PBXGroup;
			children = (
				64F17B4D2AD2A3BE0047F6F3 /* colockitchenraceUITests.swift */,
				64F17B4F2AD2A3BE0047F6F3 /* colockitchenraceUITestsLaunchTests.swift */,
			);
			path = colockitchenraceUITests;
			sourceTree = "<group>";
		};
		64F17B652AD2D5470047F6F3 /* Models */ = {
			isa = PBXGroup;
			children = (
				64F17B662AD2D7210047F6F3 /* CKR.swift */,
				64F17B612AD2D11B0047F6F3 /* Cohousing.swift */,
				64F17B632AD2D4460047F6F3 /* User.swift */,
			);
			name = Models;
			sourceTree = "<group>";
		};
		64F17B6A2AD2F2840047F6F3 /* Utils */ = {
			isa = PBXGroup;
			children = (
				64F17B682AD2D85A0047F6F3 /* Cohousing+Utils.swift */,
				64F17B6B2AD2F29D0047F6F3 /* Date+Utils.swift */,
				64F17B6D2AD318D70047F6F3 /* DateComponents+Utils.swift */,
				647B1CBD2AD49B7800BD2B25 /* Global.swift */,
			);
			name = Utils;
			sourceTree = "<group>";
		};
		64FB41BD2AD407E700C93A34 /* Assets */ = {
			isa = PBXGroup;
			children = (
				64FB41BB2AD407D600C93A34 /* GoogleService-Info.plist */,
				64F17B362AD2A3BE0047F6F3 /* Assets.xcassets */,
			);
			name = Assets;
			sourceTree = "<group>";
		};
/* End PBXGroup section */

/* Begin PBXNativeTarget section */
		64F17B2E2AD2A3BC0047F6F3 /* colockitchenrace */ = {
			isa = PBXNativeTarget;
			buildConfigurationList = 64F17B532AD2A3BE0047F6F3 /* Build configuration list for PBXNativeTarget "colockitchenrace" */;
			buildPhases = (
				64F17B2B2AD2A3BC0047F6F3 /* Sources */,
				64F17B2C2AD2A3BC0047F6F3 /* Frameworks */,
				64F17B2D2AD2A3BC0047F6F3 /* Resources */,
				64FB41C72AD408E800C93A34 /* Crashlytics Accesses */,
			);
			buildRules = (
			);
			dependencies = (
			);
			name = colockitchenrace;
			packageProductDependencies = (
				64F17B5D2AD2CC9B0047F6F3 /* ComposableArchitecture */,
				64FB41BF2AD4086100C93A34 /* FirebaseAnalyticsSwift */,
				64FB41C12AD4086100C93A34 /* FirebaseAnalyticsWithoutAdIdSupport */,
				64FB41C32AD4086100C93A34 /* FirebaseAuth */,
				64FB41C52AD4086100C93A34 /* FirebaseCrashlytics */,
			);
			productName = colockitchenrace;
			productReference = 64F17B2F2AD2A3BC0047F6F3 /* colockitchenrace.app */;
			productType = "com.apple.product-type.application";
		};
		64F17B3E2AD2A3BE0047F6F3 /* colockitchenraceTests */ = {
			isa = PBXNativeTarget;
			buildConfigurationList = 64F17B562AD2A3BE0047F6F3 /* Build configuration list for PBXNativeTarget "colockitchenraceTests" */;
			buildPhases = (
				64F17B3B2AD2A3BE0047F6F3 /* Sources */,
				64F17B3C2AD2A3BE0047F6F3 /* Frameworks */,
				64F17B3D2AD2A3BE0047F6F3 /* Resources */,
			);
			buildRules = (
			);
			dependencies = (
				64F17B412AD2A3BE0047F6F3 /* PBXTargetDependency */,
			);
			name = colockitchenraceTests;
			productName = colockitchenraceTests;
			productReference = 64F17B3F2AD2A3BE0047F6F3 /* colockitchenraceTests.xctest */;
			productType = "com.apple.product-type.bundle.unit-test";
		};
		64F17B482AD2A3BE0047F6F3 /* colockitchenraceUITests */ = {
			isa = PBXNativeTarget;
			buildConfigurationList = 64F17B592AD2A3BE0047F6F3 /* Build configuration list for PBXNativeTarget "colockitchenraceUITests" */;
			buildPhases = (
				64F17B452AD2A3BE0047F6F3 /* Sources */,
				64F17B462AD2A3BE0047F6F3 /* Frameworks */,
				64F17B472AD2A3BE0047F6F3 /* Resources */,
			);
			buildRules = (
			);
			dependencies = (
				64F17B4B2AD2A3BE0047F6F3 /* PBXTargetDependency */,
			);
			name = colockitchenraceUITests;
			productName = colockitchenraceUITests;
			productReference = 64F17B492AD2A3BE0047F6F3 /* colockitchenraceUITests.xctest */;
			productType = "com.apple.product-type.bundle.ui-testing";
		};
/* End PBXNativeTarget section */

/* Begin PBXProject section */
		64F17B272AD2A3BC0047F6F3 /* Project object */ = {
			isa = PBXProject;
			attributes = {
				BuildIndependentTargetsInParallel = 1;
				LastSwiftUpdateCheck = 1500;
				LastUpgradeCheck = 1500;
				TargetAttributes = {
					64F17B2E2AD2A3BC0047F6F3 = {
						CreatedOnToolsVersion = 15.0;
					};
					64F17B3E2AD2A3BE0047F6F3 = {
						CreatedOnToolsVersion = 15.0;
						TestTargetID = 64F17B2E2AD2A3BC0047F6F3;
					};
					64F17B482AD2A3BE0047F6F3 = {
						CreatedOnToolsVersion = 15.0;
						TestTargetID = 64F17B2E2AD2A3BC0047F6F3;
					};
				};
			};
			buildConfigurationList = 64F17B2A2AD2A3BC0047F6F3 /* Build configuration list for PBXProject "colockitchenrace" */;
			compatibilityVersion = "Xcode 14.0";
			developmentRegion = en;
			hasScannedForEncodings = 0;
			knownRegions = (
				en,
				Base,
			);
			mainGroup = 64F17B262AD2A3BC0047F6F3;
			packageReferences = (
				64F17B5C2AD2CC9B0047F6F3 /* XCRemoteSwiftPackageReference "swift-composable-architecture" */,
				64FB41BE2AD4086100C93A34 /* XCRemoteSwiftPackageReference "firebase-ios-sdk" */,
			);
			productRefGroup = 64F17B302AD2A3BC0047F6F3 /* Products */;
			projectDirPath = "";
			projectRoot = "";
			targets = (
				64F17B2E2AD2A3BC0047F6F3 /* colockitchenrace */,
				64F17B3E2AD2A3BE0047F6F3 /* colockitchenraceTests */,
				64F17B482AD2A3BE0047F6F3 /* colockitchenraceUITests */,
			);
		};
/* End PBXProject section */

/* Begin PBXResourcesBuildPhase section */
		64F17B2D2AD2A3BC0047F6F3 /* Resources */ = {
			isa = PBXResourcesBuildPhase;
			buildActionMask = 2147483647;
			files = (
				64F17B3A2AD2A3BE0047F6F3 /* Preview Assets.xcassets in Resources */,
				64F17B372AD2A3BE0047F6F3 /* Assets.xcassets in Resources */,
				64FB41BC2AD407D600C93A34 /* GoogleService-Info.plist in Resources */,
			);
			runOnlyForDeploymentPostprocessing = 0;
		};
		64F17B3D2AD2A3BE0047F6F3 /* Resources */ = {
			isa = PBXResourcesBuildPhase;
			buildActionMask = 2147483647;
			files = (
			);
			runOnlyForDeploymentPostprocessing = 0;
		};
		64F17B472AD2A3BE0047F6F3 /* Resources */ = {
			isa = PBXResourcesBuildPhase;
			buildActionMask = 2147483647;
			files = (
			);
			runOnlyForDeploymentPostprocessing = 0;
		};
/* End PBXResourcesBuildPhase section */

/* Begin PBXShellScriptBuildPhase section */
		64FB41C72AD408E800C93A34 /* Crashlytics Accesses */ = {
			isa = PBXShellScriptBuildPhase;
			alwaysOutOfDate = 1;
			buildActionMask = 12;
			files = (
			);
			inputFileListPaths = (
			);
			inputPaths = (
				"${DWARF_DSYM_FOLDER_PATH}/${DWARF_DSYM_FILE_NAME}",
				"${DWARF_DSYM_FOLDER_PATH}/${DWARF_DSYM_FILE_NAME}/Contents/Resources/DWARF/${PRODUCT_NAME}",
				"${DWARF_DSYM_FOLDER_PATH}/${DWARF_DSYM_FILE_NAME}/Contents/Info.plist",
				"$(TARGET_BUILD_DIR)/$(UNLOCALIZED_RESOURCES_FOLDER_PATH)/GoogleService-Info.plist",
				"$(TARGET_BUILD_DIR)/$(EXECUTABLE_PATH)",
			);
			name = "Crashlytics Accesses";
			outputFileListPaths = (
			);
			outputPaths = (
			);
			runOnlyForDeploymentPostprocessing = 0;
			shellPath = /bin/sh;
			shellScript = "\"${BUILD_DIR%/Build/*}/SourcePackages/checkouts/firebase-ios-sdk/Crashlytics/run\"\n";
		};
/* End PBXShellScriptBuildPhase section */

/* Begin PBXSourcesBuildPhase section */
		64F17B2B2AD2A3BC0047F6F3 /* Sources */ = {
			isa = PBXSourcesBuildPhase;
			buildActionMask = 2147483647;
			files = (
				64FB41C92AD4155000C93A34 /* App.swift in Sources */,
				64F17B352AD2A3BC0047F6F3 /* HomeView.swift in Sources */,
				64F17B602AD2CD0A0047F6F3 /* CohousingDetailView.swift in Sources */,
				64F17B6E2AD318D70047F6F3 /* DateComponents+Utils.swift in Sources */,
				64F17B672AD2D7210047F6F3 /* CKR.swift in Sources */,
				64F17B692AD2D85A0047F6F3 /* Cohousing+Utils.swift in Sources */,
				647B1CBE2AD49B7800BD2B25 /* Global.swift in Sources */,
				64F17B622AD2D11B0047F6F3 /* Cohousing.swift in Sources */,
				64F17B6C2AD2F29D0047F6F3 /* Date+Utils.swift in Sources */,
				6423D3A32AD35121009DB3F7 /* UserProfileView.swift in Sources */,
				6423D3A82AD36B76009DB3F7 /* CohousingFormView.swift in Sources */,
				64F17B642AD2D4460047F6F3 /* User.swift in Sources */,
				6423D3A52AD35159009DB3F7 /* OnboardingView.swift in Sources */,
				64F17B332AD2A3BC0047F6F3 /* colockitchenraceApp.swift in Sources */,
			);
			runOnlyForDeploymentPostprocessing = 0;
		};
		64F17B3B2AD2A3BE0047F6F3 /* Sources */ = {
			isa = PBXSourcesBuildPhase;
			buildActionMask = 2147483647;
			files = (
				64F17B442AD2A3BE0047F6F3 /* colockitchenraceTests.swift in Sources */,
			);
			runOnlyForDeploymentPostprocessing = 0;
		};
		64F17B452AD2A3BE0047F6F3 /* Sources */ = {
			isa = PBXSourcesBuildPhase;
			buildActionMask = 2147483647;
			files = (
				64F17B4E2AD2A3BE0047F6F3 /* colockitchenraceUITests.swift in Sources */,
				64F17B502AD2A3BE0047F6F3 /* colockitchenraceUITestsLaunchTests.swift in Sources */,
			);
			runOnlyForDeploymentPostprocessing = 0;
		};
/* End PBXSourcesBuildPhase section */

/* Begin PBXTargetDependency section */
		64F17B412AD2A3BE0047F6F3 /* PBXTargetDependency */ = {
			isa = PBXTargetDependency;
			target = 64F17B2E2AD2A3BC0047F6F3 /* colockitchenrace */;
			targetProxy = 64F17B402AD2A3BE0047F6F3 /* PBXContainerItemProxy */;
		};
		64F17B4B2AD2A3BE0047F6F3 /* PBXTargetDependency */ = {
			isa = PBXTargetDependency;
			target = 64F17B2E2AD2A3BC0047F6F3 /* colockitchenrace */;
			targetProxy = 64F17B4A2AD2A3BE0047F6F3 /* PBXContainerItemProxy */;
		};
/* End PBXTargetDependency section */

/* Begin XCBuildConfiguration section */
		64F17B512AD2A3BE0047F6F3 /* Debug */ = {
			isa = XCBuildConfiguration;
			buildSettings = {
				ALWAYS_SEARCH_USER_PATHS = NO;
				ASSETCATALOG_COMPILER_GENERATE_SWIFT_ASSET_SYMBOL_EXTENSIONS = YES;
				CLANG_ANALYZER_NONNULL = YES;
				CLANG_ANALYZER_NUMBER_OBJECT_CONVERSION = YES_AGGRESSIVE;
				CLANG_CXX_LANGUAGE_STANDARD = "gnu++20";
				CLANG_ENABLE_MODULES = YES;
				CLANG_ENABLE_OBJC_ARC = YES;
				CLANG_ENABLE_OBJC_WEAK = YES;
				CLANG_WARN_BLOCK_CAPTURE_AUTORELEASING = YES;
				CLANG_WARN_BOOL_CONVERSION = YES;
				CLANG_WARN_COMMA = YES;
				CLANG_WARN_CONSTANT_CONVERSION = YES;
				CLANG_WARN_DEPRECATED_OBJC_IMPLEMENTATIONS = YES;
				CLANG_WARN_DIRECT_OBJC_ISA_USAGE = YES_ERROR;
				CLANG_WARN_DOCUMENTATION_COMMENTS = YES;
				CLANG_WARN_EMPTY_BODY = YES;
				CLANG_WARN_ENUM_CONVERSION = YES;
				CLANG_WARN_INFINITE_RECURSION = YES;
				CLANG_WARN_INT_CONVERSION = YES;
				CLANG_WARN_NON_LITERAL_NULL_CONVERSION = YES;
				CLANG_WARN_OBJC_IMPLICIT_RETAIN_SELF = YES;
				CLANG_WARN_OBJC_LITERAL_CONVERSION = YES;
				CLANG_WARN_OBJC_ROOT_CLASS = YES_ERROR;
				CLANG_WARN_QUOTED_INCLUDE_IN_FRAMEWORK_HEADER = YES;
				CLANG_WARN_RANGE_LOOP_ANALYSIS = YES;
				CLANG_WARN_STRICT_PROTOTYPES = YES;
				CLANG_WARN_SUSPICIOUS_MOVE = YES;
				CLANG_WARN_UNGUARDED_AVAILABILITY = YES_AGGRESSIVE;
				CLANG_WARN_UNREACHABLE_CODE = YES;
				CLANG_WARN__DUPLICATE_METHOD_MATCH = YES;
				COPY_PHASE_STRIP = NO;
				DEBUG_INFORMATION_FORMAT = dwarf;
				ENABLE_STRICT_OBJC_MSGSEND = YES;
				ENABLE_TESTABILITY = YES;
				ENABLE_USER_SCRIPT_SANDBOXING = YES;
				GCC_C_LANGUAGE_STANDARD = gnu17;
				GCC_DYNAMIC_NO_PIC = NO;
				GCC_NO_COMMON_BLOCKS = YES;
				GCC_OPTIMIZATION_LEVEL = 0;
				GCC_PREPROCESSOR_DEFINITIONS = (
					"DEBUG=1",
					"$(inherited)",
				);
				GCC_WARN_64_TO_32_BIT_CONVERSION = YES;
				GCC_WARN_ABOUT_RETURN_TYPE = YES_ERROR;
				GCC_WARN_UNDECLARED_SELECTOR = YES;
				GCC_WARN_UNINITIALIZED_AUTOS = YES_AGGRESSIVE;
				GCC_WARN_UNUSED_FUNCTION = YES;
				GCC_WARN_UNUSED_VARIABLE = YES;
				IPHONEOS_DEPLOYMENT_TARGET = 17.0;
				LOCALIZATION_PREFERS_STRING_CATALOGS = YES;
				MTL_ENABLE_DEBUG_INFO = INCLUDE_SOURCE;
				MTL_FAST_MATH = YES;
				ONLY_ACTIVE_ARCH = YES;
				SDKROOT = iphoneos;
				SWIFT_ACTIVE_COMPILATION_CONDITIONS = "DEBUG $(inherited)";
				SWIFT_OPTIMIZATION_LEVEL = "-Onone";
			};
			name = Debug;
		};
		64F17B522AD2A3BE0047F6F3 /* Release */ = {
			isa = XCBuildConfiguration;
			buildSettings = {
				ALWAYS_SEARCH_USER_PATHS = NO;
				ASSETCATALOG_COMPILER_GENERATE_SWIFT_ASSET_SYMBOL_EXTENSIONS = YES;
				CLANG_ANALYZER_NONNULL = YES;
				CLANG_ANALYZER_NUMBER_OBJECT_CONVERSION = YES_AGGRESSIVE;
				CLANG_CXX_LANGUAGE_STANDARD = "gnu++20";
				CLANG_ENABLE_MODULES = YES;
				CLANG_ENABLE_OBJC_ARC = YES;
				CLANG_ENABLE_OBJC_WEAK = YES;
				CLANG_WARN_BLOCK_CAPTURE_AUTORELEASING = YES;
				CLANG_WARN_BOOL_CONVERSION = YES;
				CLANG_WARN_COMMA = YES;
				CLANG_WARN_CONSTANT_CONVERSION = YES;
				CLANG_WARN_DEPRECATED_OBJC_IMPLEMENTATIONS = YES;
				CLANG_WARN_DIRECT_OBJC_ISA_USAGE = YES_ERROR;
				CLANG_WARN_DOCUMENTATION_COMMENTS = YES;
				CLANG_WARN_EMPTY_BODY = YES;
				CLANG_WARN_ENUM_CONVERSION = YES;
				CLANG_WARN_INFINITE_RECURSION = YES;
				CLANG_WARN_INT_CONVERSION = YES;
				CLANG_WARN_NON_LITERAL_NULL_CONVERSION = YES;
				CLANG_WARN_OBJC_IMPLICIT_RETAIN_SELF = YES;
				CLANG_WARN_OBJC_LITERAL_CONVERSION = YES;
				CLANG_WARN_OBJC_ROOT_CLASS = YES_ERROR;
				CLANG_WARN_QUOTED_INCLUDE_IN_FRAMEWORK_HEADER = YES;
				CLANG_WARN_RANGE_LOOP_ANALYSIS = YES;
				CLANG_WARN_STRICT_PROTOTYPES = YES;
				CLANG_WARN_SUSPICIOUS_MOVE = YES;
				CLANG_WARN_UNGUARDED_AVAILABILITY = YES_AGGRESSIVE;
				CLANG_WARN_UNREACHABLE_CODE = YES;
				CLANG_WARN__DUPLICATE_METHOD_MATCH = YES;
				COPY_PHASE_STRIP = NO;
				DEBUG_INFORMATION_FORMAT = "dwarf-with-dsym";
				ENABLE_NS_ASSERTIONS = NO;
				ENABLE_STRICT_OBJC_MSGSEND = YES;
				ENABLE_USER_SCRIPT_SANDBOXING = YES;
				GCC_C_LANGUAGE_STANDARD = gnu17;
				GCC_NO_COMMON_BLOCKS = YES;
				GCC_WARN_64_TO_32_BIT_CONVERSION = YES;
				GCC_WARN_ABOUT_RETURN_TYPE = YES_ERROR;
				GCC_WARN_UNDECLARED_SELECTOR = YES;
				GCC_WARN_UNINITIALIZED_AUTOS = YES_AGGRESSIVE;
				GCC_WARN_UNUSED_FUNCTION = YES;
				GCC_WARN_UNUSED_VARIABLE = YES;
				IPHONEOS_DEPLOYMENT_TARGET = 17.0;
				LOCALIZATION_PREFERS_STRING_CATALOGS = YES;
				MTL_ENABLE_DEBUG_INFO = NO;
				MTL_FAST_MATH = YES;
				SDKROOT = iphoneos;
				SWIFT_COMPILATION_MODE = wholemodule;
				VALIDATE_PRODUCT = YES;
			};
			name = Release;
		};
		64F17B542AD2A3BE0047F6F3 /* Debug */ = {
			isa = XCBuildConfiguration;
			buildSettings = {
				ASSETCATALOG_COMPILER_APPICON_NAME = AppIcon;
				ASSETCATALOG_COMPILER_GLOBAL_ACCENT_COLOR_NAME = AccentColor;
				CODE_SIGN_STYLE = Automatic;
				CURRENT_PROJECT_VERSION = 1;
				DEBUG_INFORMATION_FORMAT = "dwarf-with-dsym";
				DEVELOPMENT_ASSET_PATHS = "\"colockitchenrace/Preview Content\"";
				DEVELOPMENT_TEAM = YXXNH92P5F;
				ENABLE_PREVIEWS = YES;
				GENERATE_INFOPLIST_FILE = YES;
				INFOPLIST_KEY_CFBundleDisplayName = "Kitchen Race";
				INFOPLIST_KEY_UIApplicationSceneManifest_Generation = YES;
				INFOPLIST_KEY_UIApplicationSupportsIndirectInputEvents = YES;
				INFOPLIST_KEY_UILaunchScreen_Generation = YES;
				INFOPLIST_KEY_UISupportedInterfaceOrientations = UIInterfaceOrientationPortrait;
				INFOPLIST_KEY_UISupportedInterfaceOrientations_iPad = "UIInterfaceOrientationLandscapeLeft UIInterfaceOrientationLandscapeRight UIInterfaceOrientationPortrait UIInterfaceOrientationPortraitUpsideDown";
				LD_RUNPATH_SEARCH_PATHS = (
					"$(inherited)",
					"@executable_path/Frameworks",
				);
				MARKETING_VERSION = 0.1;
				PRODUCT_BUNDLE_IDENTIFIER = com.julienrahier.colocskitchenrace;
				PRODUCT_NAME = "$(TARGET_NAME)";
				SUPPORTED_PLATFORMS = "iphoneos iphonesimulator";
				SUPPORTS_MACCATALYST = NO;
				SUPPORTS_MAC_DESIGNED_FOR_IPHONE_IPAD = NO;
				SWIFT_EMIT_LOC_STRINGS = YES;
				SWIFT_VERSION = 5.0;
				TARGETED_DEVICE_FAMILY = 1;
			};
			name = Debug;
		};
		64F17B552AD2A3BE0047F6F3 /* Release */ = {
			isa = XCBuildConfiguration;
			buildSettings = {
				ASSETCATALOG_COMPILER_APPICON_NAME = AppIcon;
				ASSETCATALOG_COMPILER_GLOBAL_ACCENT_COLOR_NAME = AccentColor;
				CODE_SIGN_STYLE = Automatic;
				CURRENT_PROJECT_VERSION = 1;
				DEVELOPMENT_ASSET_PATHS = "\"colockitchenrace/Preview Content\"";
				DEVELOPMENT_TEAM = YXXNH92P5F;
				ENABLE_PREVIEWS = YES;
				GENERATE_INFOPLIST_FILE = YES;
				INFOPLIST_KEY_CFBundleDisplayName = "Kitchen Race";
				INFOPLIST_KEY_UIApplicationSceneManifest_Generation = YES;
				INFOPLIST_KEY_UIApplicationSupportsIndirectInputEvents = YES;
				INFOPLIST_KEY_UILaunchScreen_Generation = YES;
				INFOPLIST_KEY_UISupportedInterfaceOrientations = UIInterfaceOrientationPortrait;
				INFOPLIST_KEY_UISupportedInterfaceOrientations_iPad = "UIInterfaceOrientationLandscapeLeft UIInterfaceOrientationLandscapeRight UIInterfaceOrientationPortrait UIInterfaceOrientationPortraitUpsideDown";
				LD_RUNPATH_SEARCH_PATHS = (
					"$(inherited)",
					"@executable_path/Frameworks",
				);
				MARKETING_VERSION = 0.1;
				PRODUCT_BUNDLE_IDENTIFIER = com.julienrahier.colocskitchenrace;
				PRODUCT_NAME = "$(TARGET_NAME)";
				SUPPORTED_PLATFORMS = "iphoneos iphonesimulator";
				SUPPORTS_MACCATALYST = NO;
				SUPPORTS_MAC_DESIGNED_FOR_IPHONE_IPAD = NO;
				SWIFT_EMIT_LOC_STRINGS = YES;
				SWIFT_VERSION = 5.0;
				TARGETED_DEVICE_FAMILY = 1;
			};
			name = Release;
		};
		64F17B572AD2A3BE0047F6F3 /* Debug */ = {
			isa = XCBuildConfiguration;
			buildSettings = {
				ALWAYS_EMBED_SWIFT_STANDARD_LIBRARIES = YES;
				BUNDLE_LOADER = "$(TEST_HOST)";
				CODE_SIGN_STYLE = Automatic;
				CURRENT_PROJECT_VERSION = 1;
				DEVELOPMENT_TEAM = GWMAWQWUTU;
				GENERATE_INFOPLIST_FILE = YES;
				IPHONEOS_DEPLOYMENT_TARGET = 17.0;
				MARKETING_VERSION = 1.0;
				PRODUCT_BUNDLE_IDENTIFIER = com.julienrahier.colockitchenraceTests;
				PRODUCT_NAME = "$(TARGET_NAME)";
				SWIFT_EMIT_LOC_STRINGS = NO;
				SWIFT_VERSION = 5.0;
				TARGETED_DEVICE_FAMILY = "1,2";
				TEST_HOST = "$(BUILT_PRODUCTS_DIR)/colockitchenrace.app/$(BUNDLE_EXECUTABLE_FOLDER_PATH)/colockitchenrace";
			};
			name = Debug;
		};
		64F17B582AD2A3BE0047F6F3 /* Release */ = {
			isa = XCBuildConfiguration;
			buildSettings = {
				ALWAYS_EMBED_SWIFT_STANDARD_LIBRARIES = YES;
				BUNDLE_LOADER = "$(TEST_HOST)";
				CODE_SIGN_STYLE = Automatic;
				CURRENT_PROJECT_VERSION = 1;
				DEVELOPMENT_TEAM = GWMAWQWUTU;
				GENERATE_INFOPLIST_FILE = YES;
				IPHONEOS_DEPLOYMENT_TARGET = 17.0;
				MARKETING_VERSION = 1.0;
				PRODUCT_BUNDLE_IDENTIFIER = com.julienrahier.colockitchenraceTests;
				PRODUCT_NAME = "$(TARGET_NAME)";
				SWIFT_EMIT_LOC_STRINGS = NO;
				SWIFT_VERSION = 5.0;
				TARGETED_DEVICE_FAMILY = "1,2";
				TEST_HOST = "$(BUILT_PRODUCTS_DIR)/colockitchenrace.app/$(BUNDLE_EXECUTABLE_FOLDER_PATH)/colockitchenrace";
			};
			name = Release;
		};
		64F17B5A2AD2A3BE0047F6F3 /* Debug */ = {
			isa = XCBuildConfiguration;
			buildSettings = {
				ALWAYS_EMBED_SWIFT_STANDARD_LIBRARIES = YES;
				CODE_SIGN_STYLE = Automatic;
				CURRENT_PROJECT_VERSION = 1;
				DEVELOPMENT_TEAM = GWMAWQWUTU;
				GENERATE_INFOPLIST_FILE = YES;
				MARKETING_VERSION = 1.0;
				PRODUCT_BUNDLE_IDENTIFIER = com.julienrahier.colockitchenraceUITests;
				PRODUCT_NAME = "$(TARGET_NAME)";
				SWIFT_EMIT_LOC_STRINGS = NO;
				SWIFT_VERSION = 5.0;
				TARGETED_DEVICE_FAMILY = "1,2";
				TEST_TARGET_NAME = colockitchenrace;
			};
			name = Debug;
		};
		64F17B5B2AD2A3BE0047F6F3 /* Release */ = {
			isa = XCBuildConfiguration;
			buildSettings = {
				ALWAYS_EMBED_SWIFT_STANDARD_LIBRARIES = YES;
				CODE_SIGN_STYLE = Automatic;
				CURRENT_PROJECT_VERSION = 1;
				DEVELOPMENT_TEAM = GWMAWQWUTU;
				GENERATE_INFOPLIST_FILE = YES;
				MARKETING_VERSION = 1.0;
				PRODUCT_BUNDLE_IDENTIFIER = com.julienrahier.colockitchenraceUITests;
				PRODUCT_NAME = "$(TARGET_NAME)";
				SWIFT_EMIT_LOC_STRINGS = NO;
				SWIFT_VERSION = 5.0;
				TARGETED_DEVICE_FAMILY = "1,2";
				TEST_TARGET_NAME = colockitchenrace;
			};
			name = Release;
		};
/* End XCBuildConfiguration section */

/* Begin XCConfigurationList section */
		64F17B2A2AD2A3BC0047F6F3 /* Build configuration list for PBXProject "colockitchenrace" */ = {
			isa = XCConfigurationList;
			buildConfigurations = (
				64F17B512AD2A3BE0047F6F3 /* Debug */,
				64F17B522AD2A3BE0047F6F3 /* Release */,
			);
			defaultConfigurationIsVisible = 0;
			defaultConfigurationName = Release;
		};
		64F17B532AD2A3BE0047F6F3 /* Build configuration list for PBXNativeTarget "colockitchenrace" */ = {
			isa = XCConfigurationList;
			buildConfigurations = (
				64F17B542AD2A3BE0047F6F3 /* Debug */,
				64F17B552AD2A3BE0047F6F3 /* Release */,
			);
			defaultConfigurationIsVisible = 0;
			defaultConfigurationName = Release;
		};
		64F17B562AD2A3BE0047F6F3 /* Build configuration list for PBXNativeTarget "colockitchenraceTests" */ = {
			isa = XCConfigurationList;
			buildConfigurations = (
				64F17B572AD2A3BE0047F6F3 /* Debug */,
				64F17B582AD2A3BE0047F6F3 /* Release */,
			);
			defaultConfigurationIsVisible = 0;
			defaultConfigurationName = Release;
		};
		64F17B592AD2A3BE0047F6F3 /* Build configuration list for PBXNativeTarget "colockitchenraceUITests" */ = {
			isa = XCConfigurationList;
			buildConfigurations = (
				64F17B5A2AD2A3BE0047F6F3 /* Debug */,
				64F17B5B2AD2A3BE0047F6F3 /* Release */,
			);
			defaultConfigurationIsVisible = 0;
			defaultConfigurationName = Release;
		};
/* End XCConfigurationList section */

/* Begin XCRemoteSwiftPackageReference section */
		64F17B5C2AD2CC9B0047F6F3 /* XCRemoteSwiftPackageReference "swift-composable-architecture" */ = {
			isa = XCRemoteSwiftPackageReference;
			repositoryURL = "https://github.com/pointfreeco/swift-composable-architecture";
			requirement = {
				kind = upToNextMajorVersion;
				minimumVersion = 1.2.0;
			};
		};
		64FB41BE2AD4086100C93A34 /* XCRemoteSwiftPackageReference "firebase-ios-sdk" */ = {
			isa = XCRemoteSwiftPackageReference;
			repositoryURL = "https://github.com/firebase/firebase-ios-sdk";
			requirement = {
				kind = upToNextMajorVersion;
				minimumVersion = 10.16.0;
			};
		};
/* End XCRemoteSwiftPackageReference section */

/* Begin XCSwiftPackageProductDependency section */
		64F17B5D2AD2CC9B0047F6F3 /* ComposableArchitecture */ = {
			isa = XCSwiftPackageProductDependency;
			package = 64F17B5C2AD2CC9B0047F6F3 /* XCRemoteSwiftPackageReference "swift-composable-architecture" */;
			productName = ComposableArchitecture;
		};
		64FB41BF2AD4086100C93A34 /* FirebaseAnalyticsSwift */ = {
			isa = XCSwiftPackageProductDependency;
			package = 64FB41BE2AD4086100C93A34 /* XCRemoteSwiftPackageReference "firebase-ios-sdk" */;
			productName = FirebaseAnalyticsSwift;
		};
		64FB41C12AD4086100C93A34 /* FirebaseAnalyticsWithoutAdIdSupport */ = {
			isa = XCSwiftPackageProductDependency;
			package = 64FB41BE2AD4086100C93A34 /* XCRemoteSwiftPackageReference "firebase-ios-sdk" */;
			productName = FirebaseAnalyticsWithoutAdIdSupport;
		};
		64FB41C32AD4086100C93A34 /* FirebaseAuth */ = {
			isa = XCSwiftPackageProductDependency;
			package = 64FB41BE2AD4086100C93A34 /* XCRemoteSwiftPackageReference "firebase-ios-sdk" */;
			productName = FirebaseAuth;
		};
		64FB41C52AD4086100C93A34 /* FirebaseCrashlytics */ = {
			isa = XCSwiftPackageProductDependency;
			package = 64FB41BE2AD4086100C93A34 /* XCRemoteSwiftPackageReference "firebase-ios-sdk" */;
			productName = FirebaseCrashlytics;
		};
/* End XCSwiftPackageProductDependency section */
	};
	rootObject = 64F17B272AD2A3BC0047F6F3 /* Project object */;
}
