// !$*UTF8*$!
{
	archiveVersion = 1;
	classes = {
	};
	objectVersion = 70;
	objects = {

/* Begin PBXBuildFile section */
		640222CC2F3D74D900CF0600 /* GoogleSignIn in Frameworks */ = {isa = PBXBuildFile; productRef = 640222CB2F3D74D900CF0600 /* GoogleSignIn */; };
		642701AA2ADEA5F700850684 /* (null) in Resources */ = {isa = PBXBuildFile; };
		642701AC2AE12F9300850684 /* (null) in Sources */ = {isa = PBXBuildFile; };
		64325AF52AF698D400038EA5 /* (null) in Sources */ = {isa = PBXBuildFile; };
		64325AFA2AF69B4C00038EA5 /* (null) in Sources */ = {isa = PBXBuildFile; };
		644F08F02E9957DF00A9B256 /* FirebaseAnalytics in Frameworks */ = {isa = PBXBuildFile; productRef = 644F08EF2E9957DF00A9B256 /* FirebaseAnalytics */; };
		644F08F22E9957DF00A9B256 /* FirebaseAnalyticsCore in Frameworks */ = {isa = PBXBuildFile; productRef = 644F08F12E9957DF00A9B256 /* FirebaseAnalyticsCore */; };
		644F08F62E9957DF00A9B256 /* FirebaseAuth in Frameworks */ = {isa = PBXBuildFile; productRef = 644F08F52E9957DF00A9B256 /* FirebaseAuth */; };
		644F08F82E9957DF00A9B256 /* FirebaseCore in Frameworks */ = {isa = PBXBuildFile; productRef = 644F08F72E9957DF00A9B256 /* FirebaseCore */; };
		644F08FA2E9957DF00A9B256 /* FirebaseCrashlytics in Frameworks */ = {isa = PBXBuildFile; productRef = 644F08F92E9957DF00A9B256 /* FirebaseCrashlytics */; };
		644F08FC2E9957DF00A9B256 /* FirebaseFirestore in Frameworks */ = {isa = PBXBuildFile; productRef = 644F08FB2E9957DF00A9B256 /* FirebaseFirestore */; };
		644F08FE2E9957DF00A9B256 /* FirebaseStorage in Frameworks */ = {isa = PBXBuildFile; productRef = 644F08FD2E9957DF00A9B256 /* FirebaseStorage */; };
		644F09022E997A2700A9B256 /* FirebaseAuth in Frameworks */ = {isa = PBXBuildFile; productRef = 644F09012E997A2700A9B256 /* FirebaseAuth */; };
		644F09042E997A2700A9B256 /* FirebaseCore in Frameworks */ = {isa = PBXBuildFile; productRef = 644F09032E997A2700A9B256 /* FirebaseCore */; };
		644F09062E997A2700A9B256 /* FirebaseCrashlytics in Frameworks */ = {isa = PBXBuildFile; productRef = 644F09052E997A2700A9B256 /* FirebaseCrashlytics */; };
		644F09082E997A2700A9B256 /* FirebaseFirestore in Frameworks */ = {isa = PBXBuildFile; productRef = 644F09072E997A2700A9B256 /* FirebaseFirestore */; };
		644F090A2E997A2700A9B256 /* FirebaseStorage in Frameworks */ = {isa = PBXBuildFile; productRef = 644F09092E997A2700A9B256 /* FirebaseStorage */; };
		6478D6BD2F2E2C7500DE69CF /* FirebaseMessaging in Frameworks */ = {isa = PBXBuildFile; productRef = 6478D6BC2F2E2C7500DE69CF /* FirebaseMessaging */; };
		64884E552AE43CF40075BB39 /* (null) in Sources */ = {isa = PBXBuildFile; };
		64A1A5DD2F2E54B800D357E9 /* FirebaseFunctions in Frameworks */ = {isa = PBXBuildFile; productRef = 64A1A5DC2F2E54B800D357E9 /* FirebaseFunctions */; };
		64A1A5DF2F2E54B900D357E9 /* FirebaseFunctions in Frameworks */ = {isa = PBXBuildFile; productRef = 64A1A5DE2F2E54B900D357E9 /* FirebaseFunctions */; };
		64AA7E082F3E6A6E002D36AF /* StripePaymentSheet in Frameworks */ = {isa = PBXBuildFile; productRef = 64AA7E072F3E6A6E002D36AF /* StripePaymentSheet */; };
		64B66EC62B5D50DB00B8F30B /* ComposableArchitecture in Frameworks */ = {isa = PBXBuildFile; productRef = 64B66EC52B5D50DB00B8F30B /* ComposableArchitecture */; };
		64C87C242DEB4D7F00EA27EB /* MijickPopups in Frameworks */ = {isa = PBXBuildFile; productRef = 64C87C232DEB4D7F00EA27EB /* MijickPopups */; };
		64FBE3762D88682D00D8A89F /* ComposableArchitecture in Frameworks */ = {isa = PBXBuildFile; productRef = 64FBE3752D88682D00D8A89F /* ComposableArchitecture */; };
		64FE3CE72B8D58B800E6AAAE /* Dependencies in Frameworks */ = {isa = PBXBuildFile; productRef = 64FE3CE62B8D58B800E6AAAE /* Dependencies */; };
		64FE3CE92B8D58B800E6AAAE /* DependenciesMacros in Frameworks */ = {isa = PBXBuildFile; productRef = 64FE3CE82B8D58B800E6AAAE /* DependenciesMacros */; };
/* End PBXBuildFile section */

/* Begin PBXContainerItemProxy section */
		64F17B402AD2A3BE0047F6F3 /* PBXContainerItemProxy */ = {
			isa = PBXContainerItemProxy;
			containerPortal = 64F17B272AD2A3BC0047F6F3 /* Project object */;
			proxyType = 1;
			remoteGlobalIDString = 64F17B2E2AD2A3BC0047F6F3;
			remoteInfo = colockitchenrace;
		};
		64F17B4A2AD2A3BE0047F6F3 /* PBXContainerItemProxy */ = {
			isa = PBXContainerItemProxy;
			containerPortal = 64F17B272AD2A3BC0047F6F3 /* Project object */;
			proxyType = 1;
			remoteGlobalIDString = 64F17B2E2AD2A3BC0047F6F3;
			remoteInfo = colockitchenrace;
		};
/* End PBXContainerItemProxy section */

/* Begin PBXFileReference section */
		6478D6BE2F2E30BA00DE69CF /* ColocsKitchenRace.entitlements */ = {isa = PBXFileReference; lastKnownFileType = text.plist.entitlements; path = ColocsKitchenRace.entitlements; sourceTree = "<group>"; };
		64F17B2F2AD2A3BC0047F6F3 /* ColocsKitchenRace.app */ = {isa = PBXFileReference; explicitFileType = wrapper.application; includeInIndex = 0; path = ColocsKitchenRace.app; sourceTree = BUILT_PRODUCTS_DIR; };
		64F17B3F2AD2A3BE0047F6F3 /* ColocsKitchenRaceTests.xctest */ = {isa = PBXFileReference; explicitFileType = wrapper.cfbundle; includeInIndex = 0; path = ColocsKitchenRaceTests.xctest; sourceTree = BUILT_PRODUCTS_DIR; };
		64F17B492AD2A3BE0047F6F3 /* ColocsKitchenRaceUITests.xctest */ = {isa = PBXFileReference; explicitFileType = wrapper.cfbundle; includeInIndex = 0; path = ColocsKitchenRaceUITests.xctest; sourceTree = BUILT_PRODUCTS_DIR; };
		64FBE0252D8860CC00D8A89F /* CKRAdmin.app */ = {isa = PBXFileReference; explicitFileType = wrapper.application; includeInIndex = 0; path = CKRAdmin.app; sourceTree = BUILT_PRODUCTS_DIR; };
/* End PBXFileReference section */

/* Begin PBXFileSystemSynchronizedBuildFileExceptionSet section */
		6405CBCD2D886B7400BE8B0D /* PBXFileSystemSynchronizedBuildFileExceptionSet */ = {
			isa = PBXFileSystemSynchronizedBuildFileExceptionSet;
			membershipExceptions = (
				Assets/Assets.xcassets,
				Assets/Fonts/BaksoSapi.otf,
				Assets/Localizable.xcstrings,
				Clients/ChallengeResponseClient.swift,
				Models/Challenge/Challenge.swift,
				Models/Challenge/ChallengeContent.swift,
				Models/Challenge/ChallengeContent/MultipleChoiceContent.swift,
				Models/Challenge/ChallengeContent/NoChoiceContent.swift,
				Models/Challenge/ChallengeContent/PictureContent.swift,
				Models/Challenge/ChallengeContent/SingleAnswerContent.swift,
				Models/Challenge/ChallengeType.swift,
				Models/ChallengeSubmitPayload.swift,
				Models/CKRGame.swift,
				Models/CKRMyPlanning.swift,
				"Utils/CGFloat+Utils.swift",
				"Utils/Collection+Utils.swift",
				"Utils/Color+Utils.swift",
				"Utils/Date+Utils.swift",
				"Utils/DateComponents+Utils.swift",
				"Utils/Dictionnary+Utils.swift",
				"Utils/Error+Utils.swift",
				Utils/Global.swift,
				"Utils/Logger+Utils.swift",
				"Utils/URL+Utils.swift",
				Utils/URLOpener.swift,
				"Utils/View+Utils.swift",
			);
			target = 64F17B2E2AD2A3BC0047F6F3 /* ColocsKitchenRace */;
		};
		641196422DDF7CB50075A0C4 /* PBXFileSystemSynchronizedBuildFileExceptionSet */ = {
			isa = PBXFileSystemSynchronizedBuildFileExceptionSet;
			membershipExceptions = (
				Clients/StorageClient.swift,
				Models/ChallengeResponse.swift,
			);
			target = 64F17B2E2AD2A3BC0047F6F3 /* ColocsKitchenRace */;
		};
		64BBCE972F38F55400EEB1FE /* PBXFileSystemSynchronizedBuildFileExceptionSet */ = {
			isa = PBXFileSystemSynchronizedBuildFileExceptionSet;
			membershipExceptions = (
				colockitchenrace.xctestplan,
			);
			target = 64F17B3E2AD2A3BE0047F6F3 /* ColocsKitchenRaceTests */;
		};
		64C87C212DEB401800EA27EB /* PBXFileSystemSynchronizedBuildFileExceptionSet */ = {
			isa = PBXFileSystemSynchronizedBuildFileExceptionSet;
			membershipExceptions = (
				Info.plist,
			);
			target = 64FBE0242D8860CC00D8A89F /* CKRAdmin */;
		};
		64FBE3442D88665300D8A89F /* PBXFileSystemSynchronizedBuildFileExceptionSet */ = {
			isa = PBXFileSystemSynchronizedBuildFileExceptionSet;
			membershipExceptions = (
				Info.plist,
			);
			target = 64F17B2E2AD2A3BC0047F6F3 /* ColocsKitchenRace */;
		};
/* End PBXFileSystemSynchronizedBuildFileExceptionSet section */

/* Begin PBXFileSystemSynchronizedRootGroup section */
		6405CBC82D886B7400BE8B0D /* Shared */ = {isa = PBXFileSystemSynchronizedRootGroup; exceptions = (6405CBCD2D886B7400BE8B0D /* PBXFileSystemSynchronizedBuildFileExceptionSet */, ); explicitFileTypes = {}; explicitFolders = (); path = Shared; sourceTree = "<group>"; };
		64BBCE862F38F53600EEB1FE /* ColocsKitchenRaceTests */ = {isa = PBXFileSystemSynchronizedRootGroup; exceptions = (64BBCE972F38F55400EEB1FE /* PBXFileSystemSynchronizedBuildFileExceptionSet */, ); explicitFileTypes = {}; explicitFolders = (); path = ColocsKitchenRaceTests; sourceTree = "<group>"; };
		64FBE0262D8860CC00D8A89F /* CKRAdmin */ = {isa = PBXFileSystemSynchronizedRootGroup; exceptions = (641196422DDF7CB50075A0C4 /* PBXFileSystemSynchronizedBuildFileExceptionSet */, 64C87C212DEB401800EA27EB /* PBXFileSystemSynchronizedBuildFileExceptionSet */, ); explicitFileTypes = {}; explicitFolders = (); path = CKRAdmin; sourceTree = "<group>"; };
		64FBE2FD2D88665300D8A89F /* ColocKitchenRace */ = {isa = PBXFileSystemSynchronizedRootGroup; exceptions = (64FBE3442D88665300D8A89F /* PBXFileSystemSynchronizedBuildFileExceptionSet */, ); explicitFileTypes = {}; explicitFolders = (); path = ColocKitchenRace; sourceTree = "<group>"; };
/* End PBXFileSystemSynchronizedRootGroup section */

/* Begin PBXFrameworksBuildPhase section */
		64F17B2C2AD2A3BC0047F6F3 /* Frameworks */ = {
			isa = PBXFrameworksBuildPhase;
			buildActionMask = 2147483647;
			files = (
				64AA7E082F3E6A6E002D36AF /* StripePaymentSheet in Frameworks */,
				64B66EC62B5D50DB00B8F30B /* ComposableArchitecture in Frameworks */,
				644F08F02E9957DF00A9B256 /* FirebaseAnalytics in Frameworks */,
				644F08F62E9957DF00A9B256 /* FirebaseAuth in Frameworks */,
				644F08FC2E9957DF00A9B256 /* FirebaseFirestore in Frameworks */,
				640222CC2F3D74D900CF0600 /* GoogleSignIn in Frameworks */,
				644F08FA2E9957DF00A9B256 /* FirebaseCrashlytics in Frameworks */,
				64FE3CE72B8D58B800E6AAAE /* Dependencies in Frameworks */,
				644F08FE2E9957DF00A9B256 /* FirebaseStorage in Frameworks */,
				6478D6BD2F2E2C7500DE69CF /* FirebaseMessaging in Frameworks */,
				64A1A5DF2F2E54B900D357E9 /* FirebaseFunctions in Frameworks */,
				644F08F82E9957DF00A9B256 /* FirebaseCore in Frameworks */,
				64C87C242DEB4D7F00EA27EB /* MijickPopups in Frameworks */,
				644F08F22E9957DF00A9B256 /* FirebaseAnalyticsCore in Frameworks */,
				64FE3CE92B8D58B800E6AAAE /* DependenciesMacros in Frameworks */,
			);
			runOnlyForDeploymentPostprocessing = 0;
		};
		64F17B3C2AD2A3BE0047F6F3 /* Frameworks */ = {
			isa = PBXFrameworksBuildPhase;
			buildActionMask = 2147483647;
			files = (
			);
			runOnlyForDeploymentPostprocessing = 0;
		};
		64F17B462AD2A3BE0047F6F3 /* Frameworks */ = {
			isa = PBXFrameworksBuildPhase;
			buildActionMask = 2147483647;
			files = (
			);
			runOnlyForDeploymentPostprocessing = 0;
		};
		64FBE0222D8860CC00D8A89F /* Frameworks */ = {
			isa = PBXFrameworksBuildPhase;
			buildActionMask = 2147483647;
			files = (
				64FBE3762D88682D00D8A89F /* ComposableArchitecture in Frameworks */,
				644F09042E997A2700A9B256 /* FirebaseCore in Frameworks */,
				644F09062E997A2700A9B256 /* FirebaseCrashlytics in Frameworks */,
				64A1A5DD2F2E54B800D357E9 /* FirebaseFunctions in Frameworks */,
				644F090A2E997A2700A9B256 /* FirebaseStorage in Frameworks */,
				644F09022E997A2700A9B256 /* FirebaseAuth in Frameworks */,
				644F09082E997A2700A9B256 /* FirebaseFirestore in Frameworks */,
			);
			runOnlyForDeploymentPostprocessing = 0;
		};
/* End PBXFrameworksBuildPhase section */

/* Begin PBXGroup section */
		64AD9DDE2B9FB28400790A9F /* Frameworks */ = {
			isa = PBXGroup;
			children = (
			);
			name = Frameworks;
			sourceTree = "<group>";
		};
		64F17B262AD2A3BC0047F6F3 = {
			isa = PBXGroup;
			children = (
				6478D6BE2F2E30BA00DE69CF /* ColocsKitchenRace.entitlements */,
				6405CBC82D886B7400BE8B0D /* Shared */,
				64FBE2FD2D88665300D8A89F /* ColocKitchenRace */,
				64FBE0262D8860CC00D8A89F /* CKRAdmin */,
				64F17B302AD2A3BC0047F6F3 /* Products */,
				64AD9DDE2B9FB28400790A9F /* Frameworks */,
				64BBCE862F38F53600EEB1FE /* ColocsKitchenRaceTests */,
			);
			sourceTree = "<group>";
		};
		64F17B302AD2A3BC0047F6F3 /* Products */ = {
			isa = PBXGroup;
			children = (
				64F17B2F2AD2A3BC0047F6F3 /* ColocsKitchenRace.app */,
				64F17B3F2AD2A3BE0047F6F3 /* ColocsKitchenRaceTests.xctest */,
				64F17B492AD2A3BE0047F6F3 /* ColocsKitchenRaceUITests.xctest */,
				64FBE0252D8860CC00D8A89F /* CKRAdmin.app */,
			);
			name = Products;
			sourceTree = "<group>";
		};
/* End PBXGroup section */

/* Begin PBXNativeTarget section */
		64F17B2E2AD2A3BC0047F6F3 /* ColocsKitchenRace */ = {
			isa = PBXNativeTarget;
			buildConfigurationList = 64F17B532AD2A3BE0047F6F3 /* Build configuration list for PBXNativeTarget "ColocsKitchenRace" */;
			buildPhases = (
				64F17B2B2AD2A3BC0047F6F3 /* Sources */,
				64F17B2C2AD2A3BC0047F6F3 /* Frameworks */,
				64F17B2D2AD2A3BC0047F6F3 /* Resources */,
				64FB41C72AD408E800C93A34 /* Crashlytics Accesses */,
			);
			buildRules = (
			);
			dependencies = (
			);
			fileSystemSynchronizedGroups = (
				64FBE2FD2D88665300D8A89F /* ColocKitchenRace */,
			);
			name = ColocsKitchenRace;
			packageProductDependencies = (
				64B66EC52B5D50DB00B8F30B /* ComposableArchitecture */,
				64FE3CE62B8D58B800E6AAAE /* Dependencies */,
				64FE3CE82B8D58B800E6AAAE /* DependenciesMacros */,
				64C87C232DEB4D7F00EA27EB /* MijickPopups */,
				644F08EF2E9957DF00A9B256 /* FirebaseAnalytics */,
				644F08F12E9957DF00A9B256 /* FirebaseAnalyticsCore */,
				644F08F52E9957DF00A9B256 /* FirebaseAuth */,
				644F08F72E9957DF00A9B256 /* FirebaseCore */,
				644F08F92E9957DF00A9B256 /* FirebaseCrashlytics */,
				644F08FB2E9957DF00A9B256 /* FirebaseFirestore */,
				644F08FD2E9957DF00A9B256 /* FirebaseStorage */,
				6478D6BC2F2E2C7500DE69CF /* FirebaseMessaging */,
				64A1A5DE2F2E54B900D357E9 /* FirebaseFunctions */,
				640222CB2F3D74D900CF0600 /* GoogleSignIn */,
				64AA7E072F3E6A6E002D36AF /* StripePaymentSheet */,
			);
			productName = colockitchenrace;
			productReference = 64F17B2F2AD2A3BC0047F6F3 /* ColocsKitchenRace.app */;
			productType = "com.apple.product-type.application";
		};
		64F17B3E2AD2A3BE0047F6F3 /* ColocsKitchenRaceTests */ = {
			isa = PBXNativeTarget;
			buildConfigurationList = 64F17B562AD2A3BE0047F6F3 /* Build configuration list for PBXNativeTarget "ColocsKitchenRaceTests" */;
			buildPhases = (
				64F17B3B2AD2A3BE0047F6F3 /* Sources */,
				64F17B3C2AD2A3BE0047F6F3 /* Frameworks */,
				64F17B3D2AD2A3BE0047F6F3 /* Resources */,
			);
			buildRules = (
			);
			dependencies = (
				64F17B412AD2A3BE0047F6F3 /* PBXTargetDependency */,
			);
			fileSystemSynchronizedGroups = (
				64BBCE862F38F53600EEB1FE /* ColocsKitchenRaceTests */,
			);
			name = ColocsKitchenRaceTests;
			productName = colockitchenraceTests;
			productReference = 64F17B3F2AD2A3BE0047F6F3 /* ColocsKitchenRaceTests.xctest */;
			productType = "com.apple.product-type.bundle.unit-test";
		};
		64F17B482AD2A3BE0047F6F3 /* ColocsKitchenRaceUITests */ = {
			isa = PBXNativeTarget;
			buildConfigurationList = 64F17B592AD2A3BE0047F6F3 /* Build configuration list for PBXNativeTarget "ColocsKitchenRaceUITests" */;
			buildPhases = (
				64F17B452AD2A3BE0047F6F3 /* Sources */,
				64F17B462AD2A3BE0047F6F3 /* Frameworks */,
				64F17B472AD2A3BE0047F6F3 /* Resources */,
			);
			buildRules = (
			);
			dependencies = (
				64F17B4B2AD2A3BE0047F6F3 /* PBXTargetDependency */,
			);
			name = ColocsKitchenRaceUITests;
			productName = colockitchenraceUITests;
			productReference = 64F17B492AD2A3BE0047F6F3 /* ColocsKitchenRaceUITests.xctest */;
			productType = "com.apple.product-type.bundle.ui-testing";
		};
		64FBE0242D8860CC00D8A89F /* CKRAdmin */ = {
			isa = PBXNativeTarget;
			buildConfigurationList = 64FBE0312D8860CD00D8A89F /* Build configuration list for PBXNativeTarget "CKRAdmin" */;
			buildPhases = (
				64FBE0212D8860CC00D8A89F /* Sources */,
				64FBE0222D8860CC00D8A89F /* Frameworks */,
				64FBE0232D8860CC00D8A89F /* Resources */,
			);
			buildRules = (
			);
			dependencies = (
			);
			fileSystemSynchronizedGroups = (
				6405CBC82D886B7400BE8B0D /* Shared */,
				64FBE0262D8860CC00D8A89F /* CKRAdmin */,
			);
			name = CKRAdmin;
			packageProductDependencies = (
				64FBE3752D88682D00D8A89F /* ComposableArchitecture */,
				644F09012E997A2700A9B256 /* FirebaseAuth */,
				644F09032E997A2700A9B256 /* FirebaseCore */,
				644F09052E997A2700A9B256 /* FirebaseCrashlytics */,
				644F09072E997A2700A9B256 /* FirebaseFirestore */,
				644F09092E997A2700A9B256 /* FirebaseStorage */,
				64A1A5DC2F2E54B800D357E9 /* FirebaseFunctions */,
			);
			productName = CKRAdmin;
			productReference = 64FBE0252D8860CC00D8A89F /* CKRAdmin.app */;
			productType = "com.apple.product-type.application";
		};
/* End PBXNativeTarget section */

/* Begin PBXProject section */
		64F17B272AD2A3BC0047F6F3 /* Project object */ = {
			isa = PBXProject;
			attributes = {
				BuildIndependentTargetsInParallel = 1;
				LastSwiftUpdateCheck = 1620;
				LastUpgradeCheck = 2600;
				TargetAttributes = {
					64F17B2E2AD2A3BC0047F6F3 = {
						CreatedOnToolsVersion = 15.0;
					};
					64F17B3E2AD2A3BE0047F6F3 = {
						CreatedOnToolsVersion = 15.0;
						TestTargetID = 64F17B2E2AD2A3BC0047F6F3;
					};
					64F17B482AD2A3BE0047F6F3 = {
						CreatedOnToolsVersion = 15.0;
						TestTargetID = 64F17B2E2AD2A3BC0047F6F3;
					};
					64FBE0242D8860CC00D8A89F = {
						CreatedOnToolsVersion = 16.2;
					};
				};
			};
			buildConfigurationList = 64F17B2A2AD2A3BC0047F6F3 /* Build configuration list for PBXProject "ColocsKitchenRace" */;
			compatibilityVersion = "Xcode 14.0";
			developmentRegion = fr;
			hasScannedForEncodings = 0;
			knownRegions = (
				en,
				fr,
				es,
				Base,
			);
			mainGroup = 64F17B262AD2A3BC0047F6F3;
			packageReferences = (
				64B66EC42B5D50DB00B8F30B /* XCRemoteSwiftPackageReference "swift-composable-architecture" */,
				64FE3CE52B8D58B800E6AAAE /* XCRemoteSwiftPackageReference "swift-dependencies" */,
				64C87C222DEB4D7F00EA27EB /* XCRemoteSwiftPackageReference "Popups" */,
				644F08EE2E9957DE00A9B256 /* XCRemoteSwiftPackageReference "firebase-ios-sdk" */,
				640222CA2F3D74D900CF0600 /* XCRemoteSwiftPackageReference "GoogleSignIn-iOS" */,
				64AA7E042F3E614E002D36AF /* XCRemoteSwiftPackageReference "stripe-ios" */,
			);
			productRefGroup = 64F17B302AD2A3BC0047F6F3 /* Products */;
			projectDirPath = "";
			projectRoot = "";
			targets = (
				64F17B2E2AD2A3BC0047F6F3 /* ColocsKitchenRace */,
				64F17B3E2AD2A3BE0047F6F3 /* ColocsKitchenRaceTests */,
				64F17B482AD2A3BE0047F6F3 /* ColocsKitchenRaceUITests */,
				64FBE0242D8860CC00D8A89F /* CKRAdmin */,
			);
		};
/* End PBXProject section */

/* Begin PBXResourcesBuildPhase section */
		64F17B2D2AD2A3BC0047F6F3 /* Resources */ = {
			isa = PBXResourcesBuildPhase;
			buildActionMask = 2147483647;
			files = (
				642701AA2ADEA5F700850684 /* (null) in Resources */,
			);
			runOnlyForDeploymentPostprocessing = 0;
		};
		64F17B3D2AD2A3BE0047F6F3 /* Resources */ = {
			isa = PBXResourcesBuildPhase;
			buildActionMask = 2147483647;
			files = (
			);
			runOnlyForDeploymentPostprocessing = 0;
		};
		64F17B472AD2A3BE0047F6F3 /* Resources */ = {
			isa = PBXResourcesBuildPhase;
			buildActionMask = 2147483647;
			files = (
			);
			runOnlyForDeploymentPostprocessing = 0;
		};
		64FBE0232D8860CC00D8A89F /* Resources */ = {
			isa = PBXResourcesBuildPhase;
			buildActionMask = 2147483647;
			files = (
			);
			runOnlyForDeploymentPostprocessing = 0;
		};
/* End PBXResourcesBuildPhase section */

/* Begin PBXShellScriptBuildPhase section */
		64FB41C72AD408E800C93A34 /* Crashlytics Accesses */ = {
			isa = PBXShellScriptBuildPhase;
			alwaysOutOfDate = 1;
			buildActionMask = 12;
			files = (
			);
			inputFileListPaths = (
			);
			inputPaths = (
				"${DWARF_DSYM_FOLDER_PATH}/${DWARF_DSYM_FILE_NAME}",
				"${DWARF_DSYM_FOLDER_PATH}/${DWARF_DSYM_FILE_NAME}/Contents/Resources/DWARF/${PRODUCT_NAME}",
				"${DWARF_DSYM_FOLDER_PATH}/${DWARF_DSYM_FILE_NAME}/Contents/Info.plist",
				"$(TARGET_BUILD_DIR)/$(UNLOCALIZED_RESOURCES_FOLDER_PATH)/GoogleService-Info.plist",
				"$(TARGET_BUILD_DIR)/$(EXECUTABLE_PATH)",
			);
			name = "Crashlytics Accesses";
			outputFileListPaths = (
			);
			outputPaths = (
			);
			runOnlyForDeploymentPostprocessing = 0;
			shellPath = /bin/sh;
			shellScript = "\"${BUILD_DIR%/Build/*}/SourcePackages/checkouts/firebase-ios-sdk/Crashlytics/run\"\n";
		};
/* End PBXShellScriptBuildPhase section */

/* Begin PBXSourcesBuildPhase section */
		64F17B2B2AD2A3BC0047F6F3 /* Sources */ = {
			isa = PBXSourcesBuildPhase;
			buildActionMask = 2147483647;
			files = (
				64325AF52AF698D400038EA5 /* (null) in Sources */,
				64325AFA2AF69B4C00038EA5 /* (null) in Sources */,
				642701AC2AE12F9300850684 /* (null) in Sources */,
				64884E552AE43CF40075BB39 /* (null) in Sources */,
			);
			runOnlyForDeploymentPostprocessing = 0;
		};
		64F17B3B2AD2A3BE0047F6F3 /* Sources */ = {
			isa = PBXSourcesBuildPhase;
			buildActionMask = 2147483647;
			files = (
			);
			runOnlyForDeploymentPostprocessing = 0;
		};
		64F17B452AD2A3BE0047F6F3 /* Sources */ = {
			isa = PBXSourcesBuildPhase;
			buildActionMask = 2147483647;
			files = (
			);
			runOnlyForDeploymentPostprocessing = 0;
		};
		64FBE0212D8860CC00D8A89F /* Sources */ = {
			isa = PBXSourcesBuildPhase;
			buildActionMask = 2147483647;
			files = (
			);
			runOnlyForDeploymentPostprocessing = 0;
		};
/* End PBXSourcesBuildPhase section */

/* Begin PBXTargetDependency section */
		64F17B412AD2A3BE0047F6F3 /* PBXTargetDependency */ = {
			isa = PBXTargetDependency;
			target = 64F17B2E2AD2A3BC0047F6F3 /* ColocsKitchenRace */;
			targetProxy = 64F17B402AD2A3BE0047F6F3 /* PBXContainerItemProxy */;
		};
		64F17B4B2AD2A3BE0047F6F3 /* PBXTargetDependency */ = {
			isa = PBXTargetDependency;
			target = 64F17B2E2AD2A3BC0047F6F3 /* ColocsKitchenRace */;
			targetProxy = 64F17B4A2AD2A3BE0047F6F3 /* PBXContainerItemProxy */;
		};
/* End PBXTargetDependency section */

/* Begin XCBuildConfiguration section */
		64F17B512AD2A3BE0047F6F3 /* Debug */ = {
			isa = XCBuildConfiguration;
			buildSettings = {
				ALWAYS_SEARCH_USER_PATHS = NO;
				ASSETCATALOG_COMPILER_GENERATE_SWIFT_ASSET_SYMBOL_EXTENSIONS = YES;
				CLANG_ANALYZER_LOCALIZABILITY_NONLOCALIZED = YES;
				CLANG_ANALYZER_NONNULL = YES;
				CLANG_ANALYZER_NUMBER_OBJECT_CONVERSION = YES_AGGRESSIVE;
				CLANG_CXX_LANGUAGE_STANDARD = "gnu++20";
				CLANG_ENABLE_MODULES = YES;
				CLANG_ENABLE_OBJC_ARC = YES;
				CLANG_ENABLE_OBJC_WEAK = YES;
				CLANG_WARN_BLOCK_CAPTURE_AUTORELEASING = YES;
				CLANG_WARN_BOOL_CONVERSION = YES;
				CLANG_WARN_COMMA = YES;
				CLANG_WARN_CONSTANT_CONVERSION = YES;
				CLANG_WARN_DEPRECATED_OBJC_IMPLEMENTATIONS = YES;
				CLANG_WARN_DIRECT_OBJC_ISA_USAGE = YES_ERROR;
				CLANG_WARN_DOCUMENTATION_COMMENTS = YES;
				CLANG_WARN_EMPTY_BODY = YES;
				CLANG_WARN_ENUM_CONVERSION = YES;
				CLANG_WARN_INFINITE_RECURSION = YES;
				CLANG_WARN_INT_CONVERSION = YES;
				CLANG_WARN_NON_LITERAL_NULL_CONVERSION = YES;
				CLANG_WARN_OBJC_IMPLICIT_RETAIN_SELF = YES;
				CLANG_WARN_OBJC_LITERAL_CONVERSION = YES;
				CLANG_WARN_OBJC_ROOT_CLASS = YES_ERROR;
				CLANG_WARN_QUOTED_INCLUDE_IN_FRAMEWORK_HEADER = YES;
				CLANG_WARN_RANGE_LOOP_ANALYSIS = YES;
				CLANG_WARN_STRICT_PROTOTYPES = YES;
				CLANG_WARN_SUSPICIOUS_MOVE = YES;
				CLANG_WARN_UNGUARDED_AVAILABILITY = YES_AGGRESSIVE;
				CLANG_WARN_UNREACHABLE_CODE = YES;
				CLANG_WARN__DUPLICATE_METHOD_MATCH = YES;
				COPY_PHASE_STRIP = NO;
				DEBUG_INFORMATION_FORMAT = dwarf;
				ENABLE_STRICT_OBJC_MSGSEND = YES;
				ENABLE_TESTABILITY = YES;
				ENABLE_USER_SCRIPT_SANDBOXING = YES;
				GCC_C_LANGUAGE_STANDARD = gnu17;
				GCC_DYNAMIC_NO_PIC = NO;
				GCC_NO_COMMON_BLOCKS = YES;
				GCC_OPTIMIZATION_LEVEL = 0;
				GCC_PREPROCESSOR_DEFINITIONS = (
					"DEBUG=1",
					"$(inherited)",
				);
				GCC_WARN_64_TO_32_BIT_CONVERSION = YES;
				GCC_WARN_ABOUT_RETURN_TYPE = YES_ERROR;
				GCC_WARN_UNDECLARED_SELECTOR = YES;
				GCC_WARN_UNINITIALIZED_AUTOS = YES_AGGRESSIVE;
				GCC_WARN_UNUSED_FUNCTION = YES;
				GCC_WARN_UNUSED_VARIABLE = YES;
				IPHONEOS_DEPLOYMENT_TARGET = 17.0;
				LOCALIZATION_PREFERS_STRING_CATALOGS = YES;
				MTL_ENABLE_DEBUG_INFO = INCLUDE_SOURCE;
				MTL_FAST_MATH = YES;
				ONLY_ACTIVE_ARCH = YES;
				SDKROOT = iphoneos;
				STRING_CATALOG_GENERATE_SYMBOLS = YES;
				SWIFT_ACTIVE_COMPILATION_CONDITIONS = "DEBUG $(inherited)";
				SWIFT_OPTIMIZATION_LEVEL = "-Onone";
			};
			name = Debug;
		};
		64F17B522AD2A3BE0047F6F3 /* Release */ = {
			isa = XCBuildConfiguration;
			buildSettings = {
				ALWAYS_SEARCH_USER_PATHS = NO;
				ASSETCATALOG_COMPILER_GENERATE_SWIFT_ASSET_SYMBOL_EXTENSIONS = YES;
				CLANG_ANALYZER_LOCALIZABILITY_NONLOCALIZED = YES;
				CLANG_ANALYZER_NONNULL = YES;
				CLANG_ANALYZER_NUMBER_OBJECT_CONVERSION = YES_AGGRESSIVE;
				CLANG_CXX_LANGUAGE_STANDARD = "gnu++20";
				CLANG_ENABLE_MODULES = YES;
				CLANG_ENABLE_OBJC_ARC = YES;
				CLANG_ENABLE_OBJC_WEAK = YES;
				CLANG_WARN_BLOCK_CAPTURE_AUTORELEASING = YES;
				CLANG_WARN_BOOL_CONVERSION = YES;
				CLANG_WARN_COMMA = YES;
				CLANG_WARN_CONSTANT_CONVERSION = YES;
				CLANG_WARN_DEPRECATED_OBJC_IMPLEMENTATIONS = YES;
				CLANG_WARN_DIRECT_OBJC_ISA_USAGE = YES_ERROR;
				CLANG_WARN_DOCUMENTATION_COMMENTS = YES;
				CLANG_WARN_EMPTY_BODY = YES;
				CLANG_WARN_ENUM_CONVERSION = YES;
				CLANG_WARN_INFINITE_RECURSION = YES;
				CLANG_WARN_INT_CONVERSION = YES;
				CLANG_WARN_NON_LITERAL_NULL_CONVERSION = YES;
				CLANG_WARN_OBJC_IMPLICIT_RETAIN_SELF = YES;
				CLANG_WARN_OBJC_LITERAL_CONVERSION = YES;
				CLANG_WARN_OBJC_ROOT_CLASS = YES_ERROR;
				CLANG_WARN_QUOTED_INCLUDE_IN_FRAMEWORK_HEADER = YES;
				CLANG_WARN_RANGE_LOOP_ANALYSIS = YES;
				CLANG_WARN_STRICT_PROTOTYPES = YES;
				CLANG_WARN_SUSPICIOUS_MOVE = YES;
				CLANG_WARN_UNGUARDED_AVAILABILITY = YES_AGGRESSIVE;
				CLANG_WARN_UNREACHABLE_CODE = YES;
				CLANG_WARN__DUPLICATE_METHOD_MATCH = YES;
				COPY_PHASE_STRIP = NO;
				DEBUG_INFORMATION_FORMAT = "dwarf-with-dsym";
				ENABLE_NS_ASSERTIONS = NO;
				ENABLE_STRICT_OBJC_MSGSEND = YES;
				ENABLE_USER_SCRIPT_SANDBOXING = YES;
				GCC_C_LANGUAGE_STANDARD = gnu17;
				GCC_NO_COMMON_BLOCKS = YES;
				GCC_WARN_64_TO_32_BIT_CONVERSION = YES;
				GCC_WARN_ABOUT_RETURN_TYPE = YES_ERROR;
				GCC_WARN_UNDECLARED_SELECTOR = YES;
				GCC_WARN_UNINITIALIZED_AUTOS = YES_AGGRESSIVE;
				GCC_WARN_UNUSED_FUNCTION = YES;
				GCC_WARN_UNUSED_VARIABLE = YES;
				IPHONEOS_DEPLOYMENT_TARGET = 17.0;
				LOCALIZATION_PREFERS_STRING_CATALOGS = YES;
				MTL_ENABLE_DEBUG_INFO = NO;
				MTL_FAST_MATH = YES;
				SDKROOT = iphoneos;
				STRING_CATALOG_GENERATE_SYMBOLS = YES;
				SWIFT_COMPILATION_MODE = wholemodule;
				VALIDATE_PRODUCT = YES;
			};
			name = Release;
		};
		64F17B542AD2A3BE0047F6F3 /* Debug */ = {
			isa = XCBuildConfiguration;
			buildSettings = {
				ASSETCATALOG_COMPILER_APPICON_NAME = AppIcon;
				ASSETCATALOG_COMPILER_GLOBAL_ACCENT_COLOR_NAME = AccentColor;
				CODE_SIGN_ENTITLEMENTS = ColocsKitchenRace.entitlements;
				CODE_SIGN_IDENTITY = "Apple Development";
				CODE_SIGN_STYLE = Automatic;
				CURRENT_PROJECT_VERSION = 1;
				DEBUG_INFORMATION_FORMAT = "dwarf-with-dsym";
				DEVELOPMENT_ASSET_PATHS = "\"colockitchenrace/Preview Content\"";
				DEVELOPMENT_TEAM = YXXNH92P5F;
				ENABLE_PREVIEWS = YES;
				GENERATE_INFOPLIST_FILE = NO;
				INFOPLIST_FILE = colockitchenrace/Info.plist;
				INFOPLIST_KEY_CFBundleDisplayName = "Kitchen Race";
				INFOPLIST_KEY_LSApplicationCategoryType = "public.app-category.entertainment";
				INFOPLIST_KEY_UIApplicationSceneManifest_Generation = YES;
				INFOPLIST_KEY_UIApplicationSupportsIndirectInputEvents = YES;
				INFOPLIST_KEY_UILaunchScreen_Generation = YES;
				INFOPLIST_KEY_UIStatusBarStyle = "";
				INFOPLIST_KEY_UISupportedInterfaceOrientations = UIInterfaceOrientationPortrait;
				INFOPLIST_KEY_UISupportedInterfaceOrientations_iPad = "UIInterfaceOrientationLandscapeLeft UIInterfaceOrientationLandscapeRight UIInterfaceOrientationPortrait UIInterfaceOrientationPortraitUpsideDown";
				IPHONEOS_DEPLOYMENT_TARGET = 17.6;
				LD_RUNPATH_SEARCH_PATHS = (
					"$(inherited)",
					"@executable_path/Frameworks",
				);
				MARKETING_VERSION = 0.1;
				PRODUCT_BUNDLE_IDENTIFIER = dev.rahier.colocskitchenrace;
				PRODUCT_NAME = "$(TARGET_NAME)";
				PROVISIONING_PROFILE_SPECIFIER = "";
				SUPPORTED_PLATFORMS = "iphoneos iphonesimulator";
				SUPPORTS_MACCATALYST = NO;
				SUPPORTS_MAC_DESIGNED_FOR_IPHONE_IPAD = NO;
				SUPPORTS_XR_DESIGNED_FOR_IPHONE_IPAD = NO;
				SWIFT_EMIT_LOC_STRINGS = YES;
				SWIFT_VERSION = 5.0;
				TARGETED_DEVICE_FAMILY = 1;
			};
			name = Debug;
		};
		64F17B552AD2A3BE0047F6F3 /* Release */ = {
			isa = XCBuildConfiguration;
			buildSettings = {
				ASSETCATALOG_COMPILER_APPICON_NAME = AppIcon;
				ASSETCATALOG_COMPILER_GLOBAL_ACCENT_COLOR_NAME = AccentColor;
				CODE_SIGN_ENTITLEMENTS = ColocsKitchenRace.entitlements;
				CODE_SIGN_IDENTITY = "Apple Development";
				CODE_SIGN_STYLE = Automatic;
				CURRENT_PROJECT_VERSION = 1;
				DEBUG_INFORMATION_FORMAT = "dwarf-with-dsym";
				DEVELOPMENT_ASSET_PATHS = "\"colockitchenrace/Preview Content\"";
				DEVELOPMENT_TEAM = YXXNH92P5F;
				ENABLE_PREVIEWS = YES;
				GENERATE_INFOPLIST_FILE = NO;
				INFOPLIST_FILE = colockitchenrace/Info.plist;
				INFOPLIST_KEY_CFBundleDisplayName = "Kitchen Race";
				INFOPLIST_KEY_LSApplicationCategoryType = "public.app-category.entertainment";
				INFOPLIST_KEY_UIApplicationSceneManifest_Generation = YES;
				INFOPLIST_KEY_UIApplicationSupportsIndirectInputEvents = YES;
				INFOPLIST_KEY_UILaunchScreen_Generation = YES;
				INFOPLIST_KEY_UIStatusBarStyle = "";
				INFOPLIST_KEY_UISupportedInterfaceOrientations = UIInterfaceOrientationPortrait;
				INFOPLIST_KEY_UISupportedInterfaceOrientations_iPad = "UIInterfaceOrientationLandscapeLeft UIInterfaceOrientationLandscapeRight UIInterfaceOrientationPortrait UIInterfaceOrientationPortraitUpsideDown";
				IPHONEOS_DEPLOYMENT_TARGET = 17.6;
				LD_RUNPATH_SEARCH_PATHS = (
					"$(inherited)",
					"@executable_path/Frameworks",
				);
				MARKETING_VERSION = 0.1;
				PRODUCT_BUNDLE_IDENTIFIER = dev.rahier.colocskitchenrace;
				PRODUCT_NAME = "$(TARGET_NAME)";
				PROVISIONING_PROFILE_SPECIFIER = "";
				SUPPORTED_PLATFORMS = "iphoneos iphonesimulator";
				SUPPORTS_MACCATALYST = NO;
				SUPPORTS_MAC_DESIGNED_FOR_IPHONE_IPAD = NO;
				SUPPORTS_XR_DESIGNED_FOR_IPHONE_IPAD = NO;
				SWIFT_EMIT_LOC_STRINGS = YES;
				SWIFT_VERSION = 5.0;
				TARGETED_DEVICE_FAMILY = 1;
			};
			name = Release;
		};
		64F17B572AD2A3BE0047F6F3 /* Debug */ = {
			isa = XCBuildConfiguration;
			buildSettings = {
				BUNDLE_LOADER = "$(TEST_HOST)";
				CODE_SIGN_STYLE = Automatic;
				CURRENT_PROJECT_VERSION = 1;
				DEVELOPMENT_TEAM = GWMAWQWUTU;
				GENERATE_INFOPLIST_FILE = YES;
				IPHONEOS_DEPLOYMENT_TARGET = 17.6;
				MARKETING_VERSION = 1.0;
				PRODUCT_BUNDLE_IDENTIFIER = com.julienrahier.colockitchenraceTests;
				PRODUCT_NAME = "$(TARGET_NAME)";
				SWIFT_EMIT_LOC_STRINGS = NO;
				SWIFT_VERSION = 5.0;
				TARGETED_DEVICE_FAMILY = "1,2";
				TEST_HOST = "$(BUILT_PRODUCTS_DIR)/ColocsKitchenRace.app/$(BUNDLE_EXECUTABLE_FOLDER_PATH)/ColocsKitchenRace";
			};
			name = Debug;
		};
		64F17B582AD2A3BE0047F6F3 /* Release */ = {
			isa = XCBuildConfiguration;
			buildSettings = {
				BUNDLE_LOADER = "$(TEST_HOST)";
				CODE_SIGN_STYLE = Automatic;
				CURRENT_PROJECT_VERSION = 1;
				DEVELOPMENT_TEAM = GWMAWQWUTU;
				GENERATE_INFOPLIST_FILE = YES;
				IPHONEOS_DEPLOYMENT_TARGET = 17.6;
				MARKETING_VERSION = 1.0;
				PRODUCT_BUNDLE_IDENTIFIER = com.julienrahier.colockitchenraceTests;
				PRODUCT_NAME = "$(TARGET_NAME)";
				SWIFT_EMIT_LOC_STRINGS = NO;
				SWIFT_VERSION = 5.0;
				TARGETED_DEVICE_FAMILY = "1,2";
				TEST_HOST = "$(BUILT_PRODUCTS_DIR)/ColocsKitchenRace.app/$(BUNDLE_EXECUTABLE_FOLDER_PATH)/ColocsKitchenRace";
			};
			name = Release;
		};
		64F17B5A2AD2A3BE0047F6F3 /* Debug */ = {
			isa = XCBuildConfiguration;
			buildSettings = {
				CODE_SIGN_STYLE = Automatic;
				CURRENT_PROJECT_VERSION = 1;
				DEVELOPMENT_TEAM = YXXNH92P5F;
				GENERATE_INFOPLIST_FILE = YES;
				IPHONEOS_DEPLOYMENT_TARGET = 17.6;
				MARKETING_VERSION = 1.0;
				PRODUCT_BUNDLE_IDENTIFIER = com.julienrahier.colockitchenraceUITests;
				PRODUCT_NAME = "$(TARGET_NAME)";
				SWIFT_EMIT_LOC_STRINGS = NO;
				SWIFT_VERSION = 5.0;
				TARGETED_DEVICE_FAMILY = "1,2";
				TEST_TARGET_NAME = colockitchenrace;
			};
			name = Debug;
		};
		64F17B5B2AD2A3BE0047F6F3 /* Release */ = {
			isa = XCBuildConfiguration;
			buildSettings = {
				CODE_SIGN_STYLE = Automatic;
				CURRENT_PROJECT_VERSION = 1;
				DEVELOPMENT_TEAM = YXXNH92P5F;
				GENERATE_INFOPLIST_FILE = YES;
				IPHONEOS_DEPLOYMENT_TARGET = 17.6;
				MARKETING_VERSION = 1.0;
				PRODUCT_BUNDLE_IDENTIFIER = com.julienrahier.colockitchenraceUITests;
				PRODUCT_NAME = "$(TARGET_NAME)";
				SWIFT_EMIT_LOC_STRINGS = NO;
				SWIFT_VERSION = 5.0;
				TARGETED_DEVICE_FAMILY = "1,2";
				TEST_TARGET_NAME = colockitchenrace;
			};
			name = Release;
		};
		64FBE0322D8860CD00D8A89F /* Debug */ = {
			isa = XCBuildConfiguration;
			buildSettings = {
				ASSETCATALOG_COMPILER_APPICON_NAME = AppIcon;
				ASSETCATALOG_COMPILER_GLOBAL_ACCENT_COLOR_NAME = AccentColor;
				CODE_SIGN_ENTITLEMENTS = CKRAdmin/CKRAdmin.entitlements;
				CODE_SIGN_STYLE = Automatic;
				CURRENT_PROJECT_VERSION = 1;
				DEAD_CODE_STRIPPING = YES;
				DEBUG_INFORMATION_FORMAT = "dwarf-with-dsym";
				DEVELOPMENT_ASSET_PATHS = "\"CKRAdmin/Preview Content\"";
				DEVELOPMENT_TEAM = YXXNH92P5F;
				ENABLE_APP_SANDBOX = YES;
				ENABLE_HARDENED_RUNTIME = YES;
				ENABLE_PREVIEWS = YES;
				ENABLE_USER_SELECTED_FILES = readonly;
				GENERATE_INFOPLIST_FILE = YES;
				INFOPLIST_FILE = CKRAdmin/Info.plist;
				INFOPLIST_KEY_CFBundleDisplayName = "CKR Admin";
				INFOPLIST_KEY_LSApplicationCategoryType = "public.app-category.entertainment";
				"INFOPLIST_KEY_UIApplicationSceneManifest_Generation[sdk=iphoneos*]" = YES;
				"INFOPLIST_KEY_UIApplicationSceneManifest_Generation[sdk=iphonesimulator*]" = YES;
				"INFOPLIST_KEY_UIApplicationSupportsIndirectInputEvents[sdk=iphoneos*]" = YES;
				"INFOPLIST_KEY_UIApplicationSupportsIndirectInputEvents[sdk=iphonesimulator*]" = YES;
				"INFOPLIST_KEY_UILaunchScreen_Generation[sdk=iphoneos*]" = YES;
				"INFOPLIST_KEY_UILaunchScreen_Generation[sdk=iphonesimulator*]" = YES;
				"INFOPLIST_KEY_UIStatusBarStyle[sdk=iphoneos*]" = UIStatusBarStyleDefault;
				"INFOPLIST_KEY_UIStatusBarStyle[sdk=iphonesimulator*]" = UIStatusBarStyleDefault;
				INFOPLIST_KEY_UISupportedInterfaceOrientations = UIInterfaceOrientationPortrait;
				INFOPLIST_KEY_UISupportedInterfaceOrientations_iPad = "UIInterfaceOrientationLandscapeLeft UIInterfaceOrientationLandscapeRight UIInterfaceOrientationPortrait UIInterfaceOrientationPortraitUpsideDown";
				IPHONEOS_DEPLOYMENT_TARGET = 18.0;
				LD_RUNPATH_SEARCH_PATHS = "@executable_path/Frameworks";
				"LD_RUNPATH_SEARCH_PATHS[sdk=macosx*]" = "@executable_path/../Frameworks";
				MACOSX_DEPLOYMENT_TARGET = 15.2;
				MARKETING_VERSION = 1.0;
				PRODUCT_BUNDLE_IDENTIFIER = dev.rahier.ckradmin;
				PRODUCT_NAME = "$(TARGET_NAME)";
				SDKROOT = auto;
				SUPPORTED_PLATFORMS = "iphoneos iphonesimulator";
				SUPPORTS_MACCATALYST = NO;
				SWIFT_EMIT_LOC_STRINGS = YES;
				SWIFT_VERSION = 5.0;
				TARGETED_DEVICE_FAMILY = 1;
				XROS_DEPLOYMENT_TARGET = 2.2;
			};
			name = Debug;
		};
		64FBE0332D8860CD00D8A89F /* Release */ = {
			isa = XCBuildConfiguration;
			buildSettings = {
				ASSETCATALOG_COMPILER_APPICON_NAME = AppIcon;
				ASSETCATALOG_COMPILER_GLOBAL_ACCENT_COLOR_NAME = AccentColor;
				CODE_SIGN_ENTITLEMENTS = CKRAdmin/CKRAdmin.entitlements;
				CODE_SIGN_STYLE = Automatic;
				CURRENT_PROJECT_VERSION = 1;
				DEAD_CODE_STRIPPING = YES;
				DEBUG_INFORMATION_FORMAT = "dwarf-with-dsym";
				DEVELOPMENT_ASSET_PATHS = "\"CKRAdmin/Preview Content\"";
				DEVELOPMENT_TEAM = YXXNH92P5F;
				ENABLE_APP_SANDBOX = YES;
				ENABLE_HARDENED_RUNTIME = YES;
				ENABLE_PREVIEWS = YES;
				ENABLE_USER_SELECTED_FILES = readonly;
				GENERATE_INFOPLIST_FILE = YES;
				INFOPLIST_FILE = CKRAdmin/Info.plist;
				INFOPLIST_KEY_CFBundleDisplayName = "CKR Admin";
				INFOPLIST_KEY_LSApplicationCategoryType = "public.app-category.entertainment";
				"INFOPLIST_KEY_UIApplicationSceneManifest_Generation[sdk=iphoneos*]" = YES;
				"INFOPLIST_KEY_UIApplicationSceneManifest_Generation[sdk=iphonesimulator*]" = YES;
				"INFOPLIST_KEY_UIApplicationSupportsIndirectInputEvents[sdk=iphoneos*]" = YES;
				"INFOPLIST_KEY_UIApplicationSupportsIndirectInputEvents[sdk=iphonesimulator*]" = YES;
				"INFOPLIST_KEY_UILaunchScreen_Generation[sdk=iphoneos*]" = YES;
				"INFOPLIST_KEY_UILaunchScreen_Generation[sdk=iphonesimulator*]" = YES;
				"INFOPLIST_KEY_UIStatusBarStyle[sdk=iphoneos*]" = UIStatusBarStyleDefault;
				"INFOPLIST_KEY_UIStatusBarStyle[sdk=iphonesimulator*]" = UIStatusBarStyleDefault;
				INFOPLIST_KEY_UISupportedInterfaceOrientations = UIInterfaceOrientationPortrait;
				INFOPLIST_KEY_UISupportedInterfaceOrientations_iPad = "UIInterfaceOrientationLandscapeLeft UIInterfaceOrientationLandscapeRight UIInterfaceOrientationPortrait UIInterfaceOrientationPortraitUpsideDown";
				IPHONEOS_DEPLOYMENT_TARGET = 18.0;
				LD_RUNPATH_SEARCH_PATHS = "@executable_path/Frameworks";
				"LD_RUNPATH_SEARCH_PATHS[sdk=macosx*]" = "@executable_path/../Frameworks";
				MACOSX_DEPLOYMENT_TARGET = 15.2;
				MARKETING_VERSION = 1.0;
				PRODUCT_BUNDLE_IDENTIFIER = dev.rahier.ckradmin;
				PRODUCT_NAME = "$(TARGET_NAME)";
				SDKROOT = auto;
				SUPPORTED_PLATFORMS = "iphoneos iphonesimulator";
				SUPPORTS_MACCATALYST = NO;
				SWIFT_EMIT_LOC_STRINGS = YES;
				SWIFT_VERSION = 5.0;
				TARGETED_DEVICE_FAMILY = 1;
				XROS_DEPLOYMENT_TARGET = 2.2;
			};
			name = Release;
		};
/* End XCBuildConfiguration section */

/* Begin XCConfigurationList section */
		64F17B2A2AD2A3BC0047F6F3 /* Build configuration list for PBXProject "ColocsKitchenRace" */ = {
			isa = XCConfigurationList;
			buildConfigurations = (
				64F17B512AD2A3BE0047F6F3 /* Debug */,
				64F17B522AD2A3BE0047F6F3 /* Release */,
			);
			defaultConfigurationIsVisible = 0;
			defaultConfigurationName = Release;
		};
		64F17B532AD2A3BE0047F6F3 /* Build configuration list for PBXNativeTarget "ColocsKitchenRace" */ = {
			isa = XCConfigurationList;
			buildConfigurations = (
				64F17B542AD2A3BE0047F6F3 /* Debug */,
				64F17B552AD2A3BE0047F6F3 /* Release */,
			);
			defaultConfigurationIsVisible = 0;
			defaultConfigurationName = Release;
		};
		64F17B562AD2A3BE0047F6F3 /* Build configuration list for PBXNativeTarget "ColocsKitchenRaceTests" */ = {
			isa = XCConfigurationList;
			buildConfigurations = (
				64F17B572AD2A3BE0047F6F3 /* Debug */,
				64F17B582AD2A3BE0047F6F3 /* Release */,
			);
			defaultConfigurationIsVisible = 0;
			defaultConfigurationName = Release;
		};
		64F17B592AD2A3BE0047F6F3 /* Build configuration list for PBXNativeTarget "ColocsKitchenRaceUITests" */ = {
			isa = XCConfigurationList;
			buildConfigurations = (
				64F17B5A2AD2A3BE0047F6F3 /* Debug */,
				64F17B5B2AD2A3BE0047F6F3 /* Release */,
			);
			defaultConfigurationIsVisible = 0;
			defaultConfigurationName = Release;
		};
		64FBE0312D8860CD00D8A89F /* Build configuration list for PBXNativeTarget "CKRAdmin" */ = {
			isa = XCConfigurationList;
			buildConfigurations = (
				64FBE0322D8860CD00D8A89F /* Debug */,
				64FBE0332D8860CD00D8A89F /* Release */,
			);
			defaultConfigurationIsVisible = 0;
			defaultConfigurationName = Release;
		};
/* End XCConfigurationList section */

/* Begin XCRemoteSwiftPackageReference section */
		640222CA2F3D74D900CF0600 /* XCRemoteSwiftPackageReference "GoogleSignIn-iOS" */ = {
			isa = XCRemoteSwiftPackageReference;
			repositoryURL = "https://github.com/google/GoogleSignIn-iOS";
			requirement = {
				kind = upToNextMajorVersion;
				minimumVersion = 9.1.0;
			};
		};
		644F08EE2E9957DE00A9B256 /* XCRemoteSwiftPackageReference "firebase-ios-sdk" */ = {
			isa = XCRemoteSwiftPackageReference;
			repositoryURL = "https://github.com/firebase/firebase-ios-sdk";
			requirement = {
				kind = upToNextMajorVersion;
				minimumVersion = 12.4.0;
			};
		};
		64AA7E042F3E614E002D36AF /* XCRemoteSwiftPackageReference "stripe-ios" */ = {
			isa = XCRemoteSwiftPackageReference;
			repositoryURL = "https://github.com/stripe/stripe-ios";
			requirement = {
				kind = upToNextMajorVersion;
				minimumVersion = 25.6.2;
			};
		};
		64B66EC42B5D50DB00B8F30B /* XCRemoteSwiftPackageReference "swift-composable-architecture" */ = {
			isa = XCRemoteSwiftPackageReference;
			repositoryURL = "https://github.com/pointfreeco/swift-composable-architecture.git";
			requirement = {
				kind = upToNextMajorVersion;
				minimumVersion = 1.18.0;
			};
		};
		64C87C222DEB4D7F00EA27EB /* XCRemoteSwiftPackageReference "Popups" */ = {
			isa = XCRemoteSwiftPackageReference;
			repositoryURL = "https://github.com/Mijick/Popups.git";
			requirement = {
				kind = upToNextMajorVersion;
				minimumVersion = 4.0.1;
			};
		};
		64FE3CE52B8D58B800E6AAAE /* XCRemoteSwiftPackageReference "swift-dependencies" */ = {
			isa = XCRemoteSwiftPackageReference;
			repositoryURL = "https://github.com/pointfreeco/swift-dependencies";
			requirement = {
				kind = upToNextMajorVersion;
				minimumVersion = 1.2.1;
			};
		};
/* End XCRemoteSwiftPackageReference section */

/* Begin XCSwiftPackageProductDependency section */
		640222CB2F3D74D900CF0600 /* GoogleSignIn */ = {
			isa = XCSwiftPackageProductDependency;
			package = 640222CA2F3D74D900CF0600 /* XCRemoteSwiftPackageReference "GoogleSignIn-iOS" */;
			productName = GoogleSignIn;
		};
		644F08EF2E9957DF00A9B256 /* FirebaseAnalytics */ = {
			isa = XCSwiftPackageProductDependency;
			package = 644F08EE2E9957DE00A9B256 /* XCRemoteSwiftPackageReference "firebase-ios-sdk" */;
			productName = FirebaseAnalytics;
		};
		644F08F12E9957DF00A9B256 /* FirebaseAnalyticsCore */ = {
			isa = XCSwiftPackageProductDependency;
			package = 644F08EE2E9957DE00A9B256 /* XCRemoteSwiftPackageReference "firebase-ios-sdk" */;
			productName = FirebaseAnalyticsCore;
		};
		644F08F52E9957DF00A9B256 /* FirebaseAuth */ = {
			isa = XCSwiftPackageProductDependency;
			package = 644F08EE2E9957DE00A9B256 /* XCRemoteSwiftPackageReference "firebase-ios-sdk" */;
			productName = FirebaseAuth;
		};
		644F08F72E9957DF00A9B256 /* FirebaseCore */ = {
			isa = XCSwiftPackageProductDependency;
			package = 644F08EE2E9957DE00A9B256 /* XCRemoteSwiftPackageReference "firebase-ios-sdk" */;
			productName = FirebaseCore;
		};
		644F08F92E9957DF00A9B256 /* FirebaseCrashlytics */ = {
			isa = XCSwiftPackageProductDependency;
			package = 644F08EE2E9957DE00A9B256 /* XCRemoteSwiftPackageReference "firebase-ios-sdk" */;
			productName = FirebaseCrashlytics;
		};
		644F08FB2E9957DF00A9B256 /* FirebaseFirestore */ = {
			isa = XCSwiftPackageProductDependency;
			package = 644F08EE2E9957DE00A9B256 /* XCRemoteSwiftPackageReference "firebase-ios-sdk" */;
			productName = FirebaseFirestore;
		};
		644F08FD2E9957DF00A9B256 /* FirebaseStorage */ = {
			isa = XCSwiftPackageProductDependency;
			package = 644F08EE2E9957DE00A9B256 /* XCRemoteSwiftPackageReference "firebase-ios-sdk" */;
			productName = FirebaseStorage;
		};
		644F09012E997A2700A9B256 /* FirebaseAuth */ = {
			isa = XCSwiftPackageProductDependency;
			package = 644F08EE2E9957DE00A9B256 /* XCRemoteSwiftPackageReference "firebase-ios-sdk" */;
			productName = FirebaseAuth;
		};
		644F09032E997A2700A9B256 /* FirebaseCore */ = {
			isa = XCSwiftPackageProductDependency;
			package = 644F08EE2E9957DE00A9B256 /* XCRemoteSwiftPackageReference "firebase-ios-sdk" */;
			productName = FirebaseCore;
		};
		644F09052E997A2700A9B256 /* FirebaseCrashlytics */ = {
			isa = XCSwiftPackageProductDependency;
			package = 644F08EE2E9957DE00A9B256 /* XCRemoteSwiftPackageReference "firebase-ios-sdk" */;
			productName = FirebaseCrashlytics;
		};
		644F09072E997A2700A9B256 /* FirebaseFirestore */ = {
			isa = XCSwiftPackageProductDependency;
			package = 644F08EE2E9957DE00A9B256 /* XCRemoteSwiftPackageReference "firebase-ios-sdk" */;
			productName = FirebaseFirestore;
		};
		644F09092E997A2700A9B256 /* FirebaseStorage */ = {
			isa = XCSwiftPackageProductDependency;
			package = 644F08EE2E9957DE00A9B256 /* XCRemoteSwiftPackageReference "firebase-ios-sdk" */;
			productName = FirebaseStorage;
		};
		6478D6BC2F2E2C7500DE69CF /* FirebaseMessaging */ = {
			isa = XCSwiftPackageProductDependency;
			package = 644F08EE2E9957DE00A9B256 /* XCRemoteSwiftPackageReference "firebase-ios-sdk" */;
			productName = FirebaseMessaging;
		};
		64A1A5DC2F2E54B800D357E9 /* FirebaseFunctions */ = {
			isa = XCSwiftPackageProductDependency;
			package = 644F08EE2E9957DE00A9B256 /* XCRemoteSwiftPackageReference "firebase-ios-sdk" */;
			productName = FirebaseFunctions;
		};
		64A1A5DE2F2E54B900D357E9 /* FirebaseFunctions */ = {
			isa = XCSwiftPackageProductDependency;
			package = 644F08EE2E9957DE00A9B256 /* XCRemoteSwiftPackageReference "firebase-ios-sdk" */;
			productName = FirebaseFunctions;
		};
		64AA7E072F3E6A6E002D36AF /* StripePaymentSheet */ = {
			isa = XCSwiftPackageProductDependency;
			package = 64AA7E042F3E614E002D36AF /* XCRemoteSwiftPackageReference "stripe-ios" */;
			productName = StripePaymentSheet;
		};
		64B66EC52B5D50DB00B8F30B /* ComposableArchitecture */ = {
			isa = XCSwiftPackageProductDependency;
			package = 64B66EC42B5D50DB00B8F30B /* XCRemoteSwiftPackageReference "swift-composable-architecture" */;
			productName = ComposableArchitecture;
		};
		64C87C232DEB4D7F00EA27EB /* MijickPopups */ = {
			isa = XCSwiftPackageProductDependency;
			package = 64C87C222DEB4D7F00EA27EB /* XCRemoteSwiftPackageReference "Popups" */;
			productName = MijickPopups;
		};
		64FBE3752D88682D00D8A89F /* ComposableArchitecture */ = {
			isa = XCSwiftPackageProductDependency;
			package = 64B66EC42B5D50DB00B8F30B /* XCRemoteSwiftPackageReference "swift-composable-architecture" */;
			productName = ComposableArchitecture;
		};
		64FE3CE62B8D58B800E6AAAE /* Dependencies */ = {
			isa = XCSwiftPackageProductDependency;
			package = 64FE3CE52B8D58B800E6AAAE /* XCRemoteSwiftPackageReference "swift-dependencies" */;
			productName = Dependencies;
		};
		64FE3CE82B8D58B800E6AAAE /* DependenciesMacros */ = {
			isa = XCSwiftPackageProductDependency;
			package = 64FE3CE52B8D58B800E6AAAE /* XCRemoteSwiftPackageReference "swift-dependencies" */;
			productName = DependenciesMacros;
		};
/* End XCSwiftPackageProductDependency section */
	};
	rootObject = 64F17B272AD2A3BC0047F6F3 /* Project object */;
}
